// !$*UTF8*$!
{
	archiveVersion = 1;
	classes = {
	};
	objectVersion = 51;
	objects = {

/* Begin PBXBuildFile section */
		2C579B326DD9EFA6E1BD9EF0 /* Pods_DateApp.framework in Frameworks */ = {isa = PBXBuildFile; fileRef = 2548D9D28802A91362BE1270 /* Pods_DateApp.framework */; };
		6D28F390265B2643006A2FC6 /* ChatClient.swift in Sources */ = {isa = PBXBuildFile; fileRef = 6D28F38F265B2643006A2FC6 /* ChatClient.swift */; };
		6D2E44342655BDD0004B98BC /* AppDelegate.swift in Sources */ = {isa = PBXBuildFile; fileRef = 6D2E44332655BDD0004B98BC /* AppDelegate.swift */; };
		6D2E44362655BDD0004B98BC /* SceneDelegate.swift in Sources */ = {isa = PBXBuildFile; fileRef = 6D2E44352655BDD0004B98BC /* SceneDelegate.swift */; };
		6D2E44382655BDD0004B98BC /* ViewController.swift in Sources */ = {isa = PBXBuildFile; fileRef = 6D2E44372655BDD0004B98BC /* ViewController.swift */; };
		6D2E443D2655BDD1004B98BC /* Assets.xcassets in Resources */ = {isa = PBXBuildFile; fileRef = 6D2E443C2655BDD1004B98BC /* Assets.xcassets */; };
		6D2E44402655BDD1004B98BC /* LaunchScreen.storyboard in Resources */ = {isa = PBXBuildFile; fileRef = 6D2E443E2655BDD1004B98BC /* LaunchScreen.storyboard */; };
		6D2E44492655BE31004B98BC /* Events.storyboard in Resources */ = {isa = PBXBuildFile; fileRef = 6D2E44482655BE31004B98BC /* Events.storyboard */; };
		6DAA3297265C4E1500D74337 /* Main.storyboard in Resources */ = {isa = PBXBuildFile; fileRef = 6DAA3296265C4E1500D74337 /* Main.storyboard */; };
		6DAA329B265C4F0800D74337 /* Chat.storyboard in Resources */ = {isa = PBXBuildFile; fileRef = 6DAA329A265C4F0800D74337 /* Chat.storyboard */; };
		6DAA329E265C4FFF00D74337 /* InboxViewController.swift in Sources */ = {isa = PBXBuildFile; fileRef = 6DAA329D265C4FFF00D74337 /* InboxViewController.swift */; };
		6DAA32A2265C50EC00D74337 /* MessageHeaderView.swift in Sources */ = {isa = PBXBuildFile; fileRef = 6DAA32A1265C50EC00D74337 /* MessageHeaderView.swift */; };
		6DAA32A4265C50F700D74337 /* MessageHeaderView.xib in Resources */ = {isa = PBXBuildFile; fileRef = 6DAA32A3265C50F700D74337 /* MessageHeaderView.xib */; };
		6DAA32A7265C535200D74337 /* InboxSectionView.xib in Resources */ = {isa = PBXBuildFile; fileRef = 6DAA32A6265C535200D74337 /* InboxSectionView.xib */; };
		6DAA32A9265C536000D74337 /* InboxSectionView.swift in Sources */ = {isa = PBXBuildFile; fileRef = 6DAA32A8265C536000D74337 /* InboxSectionView.swift */; };
		6DAA32AD265C55FF00D74337 /* InboxChatTableViewCell.swift in Sources */ = {isa = PBXBuildFile; fileRef = 6DAA32AB265C55FF00D74337 /* InboxChatTableViewCell.swift */; };
		6DAA32AE265C55FF00D74337 /* InboxChatTableViewCell.xib in Resources */ = {isa = PBXBuildFile; fileRef = 6DAA32AC265C55FF00D74337 /* InboxChatTableViewCell.xib */; };
		6DAA32B0265DBBF000D74337 /* LoadingUtils.swift in Sources */ = {isa = PBXBuildFile; fileRef = 6DAA32AF265DBBF000D74337 /* LoadingUtils.swift */; };
		6DAA32B2265DC04200D74337 /* InboxViewModel.swift in Sources */ = {isa = PBXBuildFile; fileRef = 6DAA32B1265DC04200D74337 /* InboxViewModel.swift */; };
		6DAA32B4265DCD1F00D74337 /* UserDefaultsUtils.swift in Sources */ = {isa = PBXBuildFile; fileRef = 6DAA32B3265DCD1F00D74337 /* UserDefaultsUtils.swift */; };
		6DD0DBA02655C0C00025AF3C /* EventsListViewController.swift in Sources */ = {isa = PBXBuildFile; fileRef = 6DD0DB9F2655C0C00025AF3C /* EventsListViewController.swift */; };
		6DD0DBA32655C6290025AF3C /* UIColor+Extension.swift in Sources */ = {isa = PBXBuildFile; fileRef = 6DD0DBA22655C6290025AF3C /* UIColor+Extension.swift */; };
		6DD0DBA52655CB270025AF3C /* UIImage+Extension.swift in Sources */ = {isa = PBXBuildFile; fileRef = 6DD0DBA42655CB270025AF3C /* UIImage+Extension.swift */; };
		6DD0DBA92655CF280025AF3C /* EventTableViewCell.swift in Sources */ = {isa = PBXBuildFile; fileRef = 6DD0DBA72655CF280025AF3C /* EventTableViewCell.swift */; };
		6DD0DBAA2655CF280025AF3C /* EventTableViewCell.xib in Resources */ = {isa = PBXBuildFile; fileRef = 6DD0DBA82655CF280025AF3C /* EventTableViewCell.xib */; };
		6DD0DBAE2655D1D30025AF3C /* Event.swift in Sources */ = {isa = PBXBuildFile; fileRef = 6DD0DBAD2655D1D30025AF3C /* Event.swift */; };
		6DD0DBB02655D2BA0025AF3C /* EventsListViewModel.swift in Sources */ = {isa = PBXBuildFile; fileRef = 6DD0DBAF2655D2BA0025AF3C /* EventsListViewModel.swift */; };
		6DD0DBB22655D3B20025AF3C /* Array+Extension.swift in Sources */ = {isa = PBXBuildFile; fileRef = 6DD0DBB12655D3B20025AF3C /* Array+Extension.swift */; };
		6DD0DBB426570D570025AF3C /* EventsListWorker.swift in Sources */ = {isa = PBXBuildFile; fileRef = 6DD0DBB326570D570025AF3C /* EventsListWorker.swift */; };
		6DD0DBB72657130F0025AF3C /* EventDetailViewController.swift in Sources */ = {isa = PBXBuildFile; fileRef = 6DD0DBB62657130F0025AF3C /* EventDetailViewController.swift */; };
		6DD0DBB9265716320025AF3C /* Segues.swift in Sources */ = {isa = PBXBuildFile; fileRef = 6DD0DBB8265716320025AF3C /* Segues.swift */; };
		6DD0DBBC2657D9900025AF3C /* ExternalLinksUtils.swift in Sources */ = {isa = PBXBuildFile; fileRef = 6DD0DBBB2657D9900025AF3C /* ExternalLinksUtils.swift */; };
		6DD0DBBE265850C20025AF3C /* EventDetailViewModel.swift in Sources */ = {isa = PBXBuildFile; fileRef = 6DD0DBBD265850C20025AF3C /* EventDetailViewModel.swift */; };
		6DD0DBC1265852B10025AF3C /* EventSummaryView.swift in Sources */ = {isa = PBXBuildFile; fileRef = 6DD0DBC0265852B10025AF3C /* EventSummaryView.swift */; };
		6DD0DBC3265852BB0025AF3C /* EventSummaryView.xib in Resources */ = {isa = PBXBuildFile; fileRef = 6DD0DBC2265852BB0025AF3C /* EventSummaryView.xib */; };
		6DD0DBC526585B9B0025AF3C /* UIView+Extension.swift in Sources */ = {isa = PBXBuildFile; fileRef = 6DD0DBC426585B9B0025AF3C /* UIView+Extension.swift */; };
		6DD0DBC9265864F40025AF3C /* EventCollectionViewCell.swift in Sources */ = {isa = PBXBuildFile; fileRef = 6DD0DBC7265864F40025AF3C /* EventCollectionViewCell.swift */; };
		6DD0DBCA265864F40025AF3C /* EventCollectionViewCell.xib in Resources */ = {isa = PBXBuildFile; fileRef = 6DD0DBC8265864F40025AF3C /* EventCollectionViewCell.xib */; };
		6DD0DBCC265B05950025AF3C /* EventDetailWorker.swift in Sources */ = {isa = PBXBuildFile; fileRef = 6DD0DBCB265B05950025AF3C /* EventDetailWorker.swift */; };
		6DD0DBCE265B09D90025AF3C /* ShapeLayerUtils.swift in Sources */ = {isa = PBXBuildFile; fileRef = 6DD0DBCD265B09D90025AF3C /* ShapeLayerUtils.swift */; };
/* End PBXBuildFile section */

/* Begin PBXFileReference section */
		2548D9D28802A91362BE1270 /* Pods_DateApp.framework */ = {isa = PBXFileReference; explicitFileType = wrapper.framework; includeInIndex = 0; path = Pods_DateApp.framework; sourceTree = BUILT_PRODUCTS_DIR; };
		63DE8851AE9298115AF270A9 /* Pods-DateApp.debug.xcconfig */ = {isa = PBXFileReference; includeInIndex = 1; lastKnownFileType = text.xcconfig; name = "Pods-DateApp.debug.xcconfig"; path = "Target Support Files/Pods-DateApp/Pods-DateApp.debug.xcconfig"; sourceTree = "<group>"; };
		6D28F38F265B2643006A2FC6 /* ChatClient.swift */ = {isa = PBXFileReference; lastKnownFileType = sourcecode.swift; path = ChatClient.swift; sourceTree = "<group>"; };
		6D2E44302655BDD0004B98BC /* DateApp.app */ = {isa = PBXFileReference; explicitFileType = wrapper.application; includeInIndex = 0; path = DateApp.app; sourceTree = BUILT_PRODUCTS_DIR; };
		6D2E44332655BDD0004B98BC /* AppDelegate.swift */ = {isa = PBXFileReference; lastKnownFileType = sourcecode.swift; path = AppDelegate.swift; sourceTree = "<group>"; };
		6D2E44352655BDD0004B98BC /* SceneDelegate.swift */ = {isa = PBXFileReference; lastKnownFileType = sourcecode.swift; path = SceneDelegate.swift; sourceTree = "<group>"; };
		6D2E44372655BDD0004B98BC /* ViewController.swift */ = {isa = PBXFileReference; lastKnownFileType = sourcecode.swift; path = ViewController.swift; sourceTree = "<group>"; };
		6D2E443C2655BDD1004B98BC /* Assets.xcassets */ = {isa = PBXFileReference; lastKnownFileType = folder.assetcatalog; path = Assets.xcassets; sourceTree = "<group>"; };
		6D2E443F2655BDD1004B98BC /* Base */ = {isa = PBXFileReference; lastKnownFileType = file.storyboard; name = Base; path = Base.lproj/LaunchScreen.storyboard; sourceTree = "<group>"; };
		6D2E44412655BDD1004B98BC /* Info.plist */ = {isa = PBXFileReference; lastKnownFileType = text.plist.xml; path = Info.plist; sourceTree = "<group>"; };
		6D2E44482655BE31004B98BC /* Events.storyboard */ = {isa = PBXFileReference; lastKnownFileType = file.storyboard; path = Events.storyboard; sourceTree = "<group>"; };
		6DAA3296265C4E1500D74337 /* Main.storyboard */ = {isa = PBXFileReference; lastKnownFileType = file.storyboard; path = Main.storyboard; sourceTree = "<group>"; };
		6DAA329A265C4F0800D74337 /* Chat.storyboard */ = {isa = PBXFileReference; lastKnownFileType = file.storyboard; path = Chat.storyboard; sourceTree = "<group>"; };
		6DAA329D265C4FFF00D74337 /* InboxViewController.swift */ = {isa = PBXFileReference; lastKnownFileType = sourcecode.swift; path = InboxViewController.swift; sourceTree = "<group>"; };
		6DAA32A1265C50EC00D74337 /* MessageHeaderView.swift */ = {isa = PBXFileReference; lastKnownFileType = sourcecode.swift; path = MessageHeaderView.swift; sourceTree = "<group>"; };
		6DAA32A3265C50F700D74337 /* MessageHeaderView.xib */ = {isa = PBXFileReference; lastKnownFileType = file.xib; path = MessageHeaderView.xib; sourceTree = "<group>"; };
		6DAA32A6265C535200D74337 /* InboxSectionView.xib */ = {isa = PBXFileReference; lastKnownFileType = file.xib; path = InboxSectionView.xib; sourceTree = "<group>"; };
		6DAA32A8265C536000D74337 /* InboxSectionView.swift */ = {isa = PBXFileReference; lastKnownFileType = sourcecode.swift; path = InboxSectionView.swift; sourceTree = "<group>"; };
		6DAA32AB265C55FF00D74337 /* InboxChatTableViewCell.swift */ = {isa = PBXFileReference; lastKnownFileType = sourcecode.swift; path = InboxChatTableViewCell.swift; sourceTree = "<group>"; };
		6DAA32AC265C55FF00D74337 /* InboxChatTableViewCell.xib */ = {isa = PBXFileReference; lastKnownFileType = file.xib; path = InboxChatTableViewCell.xib; sourceTree = "<group>"; };
		6DAA32AF265DBBF000D74337 /* LoadingUtils.swift */ = {isa = PBXFileReference; lastKnownFileType = sourcecode.swift; path = LoadingUtils.swift; sourceTree = "<group>"; };
		6DAA32B1265DC04200D74337 /* InboxViewModel.swift */ = {isa = PBXFileReference; lastKnownFileType = sourcecode.swift; path = InboxViewModel.swift; sourceTree = "<group>"; };
		6DAA32B3265DCD1F00D74337 /* UserDefaultsUtils.swift */ = {isa = PBXFileReference; lastKnownFileType = sourcecode.swift; path = UserDefaultsUtils.swift; sourceTree = "<group>"; };
		6DD0DB9F2655C0C00025AF3C /* EventsListViewController.swift */ = {isa = PBXFileReference; lastKnownFileType = sourcecode.swift; path = EventsListViewController.swift; sourceTree = "<group>"; };
		6DD0DBA22655C6290025AF3C /* UIColor+Extension.swift */ = {isa = PBXFileReference; lastKnownFileType = sourcecode.swift; path = "UIColor+Extension.swift"; sourceTree = "<group>"; };
		6DD0DBA42655CB270025AF3C /* UIImage+Extension.swift */ = {isa = PBXFileReference; lastKnownFileType = sourcecode.swift; path = "UIImage+Extension.swift"; sourceTree = "<group>"; };
		6DD0DBA72655CF280025AF3C /* EventTableViewCell.swift */ = {isa = PBXFileReference; lastKnownFileType = sourcecode.swift; path = EventTableViewCell.swift; sourceTree = "<group>"; };
		6DD0DBA82655CF280025AF3C /* EventTableViewCell.xib */ = {isa = PBXFileReference; lastKnownFileType = file.xib; path = EventTableViewCell.xib; sourceTree = "<group>"; };
		6DD0DBAD2655D1D30025AF3C /* Event.swift */ = {isa = PBXFileReference; lastKnownFileType = sourcecode.swift; path = Event.swift; sourceTree = "<group>"; };
		6DD0DBAF2655D2BA0025AF3C /* EventsListViewModel.swift */ = {isa = PBXFileReference; lastKnownFileType = sourcecode.swift; path = EventsListViewModel.swift; sourceTree = "<group>"; };
		6DD0DBB12655D3B20025AF3C /* Array+Extension.swift */ = {isa = PBXFileReference; lastKnownFileType = sourcecode.swift; path = "Array+Extension.swift"; sourceTree = "<group>"; };
		6DD0DBB326570D570025AF3C /* EventsListWorker.swift */ = {isa = PBXFileReference; lastKnownFileType = sourcecode.swift; path = EventsListWorker.swift; sourceTree = "<group>"; };
		6DD0DBB62657130F0025AF3C /* EventDetailViewController.swift */ = {isa = PBXFileReference; lastKnownFileType = sourcecode.swift; path = EventDetailViewController.swift; sourceTree = "<group>"; };
		6DD0DBB8265716320025AF3C /* Segues.swift */ = {isa = PBXFileReference; lastKnownFileType = sourcecode.swift; path = Segues.swift; sourceTree = "<group>"; };
		6DD0DBBB2657D9900025AF3C /* ExternalLinksUtils.swift */ = {isa = PBXFileReference; lastKnownFileType = sourcecode.swift; path = ExternalLinksUtils.swift; sourceTree = "<group>"; };
		6DD0DBBD265850C20025AF3C /* EventDetailViewModel.swift */ = {isa = PBXFileReference; lastKnownFileType = sourcecode.swift; path = EventDetailViewModel.swift; sourceTree = "<group>"; };
		6DD0DBC0265852B10025AF3C /* EventSummaryView.swift */ = {isa = PBXFileReference; lastKnownFileType = sourcecode.swift; path = EventSummaryView.swift; sourceTree = "<group>"; };
		6DD0DBC2265852BB0025AF3C /* EventSummaryView.xib */ = {isa = PBXFileReference; lastKnownFileType = file.xib; path = EventSummaryView.xib; sourceTree = "<group>"; };
		6DD0DBC426585B9B0025AF3C /* UIView+Extension.swift */ = {isa = PBXFileReference; lastKnownFileType = sourcecode.swift; path = "UIView+Extension.swift"; sourceTree = "<group>"; };
		6DD0DBC7265864F40025AF3C /* EventCollectionViewCell.swift */ = {isa = PBXFileReference; lastKnownFileType = sourcecode.swift; path = EventCollectionViewCell.swift; sourceTree = "<group>"; };
		6DD0DBC8265864F40025AF3C /* EventCollectionViewCell.xib */ = {isa = PBXFileReference; lastKnownFileType = file.xib; path = EventCollectionViewCell.xib; sourceTree = "<group>"; };
		6DD0DBCB265B05950025AF3C /* EventDetailWorker.swift */ = {isa = PBXFileReference; lastKnownFileType = sourcecode.swift; path = EventDetailWorker.swift; sourceTree = "<group>"; };
		6DD0DBCD265B09D90025AF3C /* ShapeLayerUtils.swift */ = {isa = PBXFileReference; lastKnownFileType = sourcecode.swift; path = ShapeLayerUtils.swift; sourceTree = "<group>"; };
		DA454E6BF599AECEEF44070C /* Pods-DateApp.release.xcconfig */ = {isa = PBXFileReference; includeInIndex = 1; lastKnownFileType = text.xcconfig; name = "Pods-DateApp.release.xcconfig"; path = "Target Support Files/Pods-DateApp/Pods-DateApp.release.xcconfig"; sourceTree = "<group>"; };
/* End PBXFileReference section */

/* Begin PBXFrameworksBuildPhase section */
		6D2E442D2655BDD0004B98BC /* Frameworks */ = {
			isa = PBXFrameworksBuildPhase;
			buildActionMask = 2147483647;
			files = (
				2C579B326DD9EFA6E1BD9EF0 /* Pods_DateApp.framework in Frameworks */,
			);
			runOnlyForDeploymentPostprocessing = 0;
		};
/* End PBXFrameworksBuildPhase section */

/* Begin PBXGroup section */
		4CDB24E3EA8C43440095F4B9 /* Frameworks */ = {
			isa = PBXGroup;
			children = (
				2548D9D28802A91362BE1270 /* Pods_DateApp.framework */,
			);
			name = Frameworks;
			sourceTree = "<group>";
		};
		6D2E44272655BDCF004B98BC = {
			isa = PBXGroup;
			children = (
				6D2E44322655BDD0004B98BC /* DateApp */,
				6D2E44312655BDD0004B98BC /* Products */,
				892FB463014B4308F2687D02 /* Pods */,
				4CDB24E3EA8C43440095F4B9 /* Frameworks */,
			);
			sourceTree = "<group>";
		};
		6D2E44312655BDD0004B98BC /* Products */ = {
			isa = PBXGroup;
			children = (
				6D2E44302655BDD0004B98BC /* DateApp.app */,
			);
			name = Products;
			sourceTree = "<group>";
		};
		6D2E44322655BDD0004B98BC /* DateApp */ = {
			isa = PBXGroup;
			children = (
				6DD0DBBA2657D93C0025AF3C /* Utils */,
				6DD0DBA12655C61E0025AF3C /* Extension */,
				6DAA3299265C4EF800D74337 /* Chat */,
				6D2E44472655BE1D004B98BC /* Events */,
				6D2E44332655BDD0004B98BC /* AppDelegate.swift */,
				6D2E44352655BDD0004B98BC /* SceneDelegate.swift */,
				6D2E44372655BDD0004B98BC /* ViewController.swift */,
				6D2E443C2655BDD1004B98BC /* Assets.xcassets */,
				6D2E443E2655BDD1004B98BC /* LaunchScreen.storyboard */,
				6D2E44412655BDD1004B98BC /* Info.plist */,
				6DAA3296265C4E1500D74337 /* Main.storyboard */,
			);
			path = DateApp;
			sourceTree = "<group>";
		};
		6D2E44472655BE1D004B98BC /* Events */ = {
			isa = PBXGroup;
			children = (
				6DD0DBAC2655D1C90025AF3C /* Model */,
				6DD0DBA62655CF000025AF3C /* Support Views */,
				6D2E44482655BE31004B98BC /* Events.storyboard */,
				6DD0DB9E2655C0A70025AF3C /* EventsList */,
				6DD0DBB5265712D90025AF3C /* EventDetail */,
			);
			path = Events;
			sourceTree = "<group>";
		};
		6DAA3299265C4EF800D74337 /* Chat */ = {
			isa = PBXGroup;
			children = (
				6DAA329A265C4F0800D74337 /* Chat.storyboard */,
				6DAA329C265C4FE800D74337 /* Inbox */,
			);
			path = Chat;
			sourceTree = "<group>";
		};
		6DAA329C265C4FE800D74337 /* Inbox */ = {
			isa = PBXGroup;
			children = (
				6DAA329F265C505A00D74337 /* Support Views */,
				6DAA329D265C4FFF00D74337 /* InboxViewController.swift */,
				6DAA32B1265DC04200D74337 /* InboxViewModel.swift */,
			);
			path = Inbox;
			sourceTree = "<group>";
		};
		6DAA329F265C505A00D74337 /* Support Views */ = {
			isa = PBXGroup;
			children = (
				6DAA32AA265C55D800D74337 /* InboxChatCell */,
				6DAA32A5265C532400D74337 /* InboxSectionView */,
				6DAA32A0265C50CF00D74337 /* MessageHeaderView */,
			);
			path = "Support Views";
			sourceTree = "<group>";
		};
		6DAA32A0265C50CF00D74337 /* MessageHeaderView */ = {
			isa = PBXGroup;
			children = (
				6DAA32A1265C50EC00D74337 /* MessageHeaderView.swift */,
				6DAA32A3265C50F700D74337 /* MessageHeaderView.xib */,
			);
			path = MessageHeaderView;
			sourceTree = "<group>";
		};
		6DAA32A5265C532400D74337 /* InboxSectionView */ = {
			isa = PBXGroup;
			children = (
				6DAA32A6265C535200D74337 /* InboxSectionView.xib */,
				6DAA32A8265C536000D74337 /* InboxSectionView.swift */,
			);
			path = InboxSectionView;
			sourceTree = "<group>";
		};
		6DAA32AA265C55D800D74337 /* InboxChatCell */ = {
			isa = PBXGroup;
			children = (
				6DAA32AB265C55FF00D74337 /* InboxChatTableViewCell.swift */,
				6DAA32AC265C55FF00D74337 /* InboxChatTableViewCell.xib */,
			);
			path = InboxChatCell;
			sourceTree = "<group>";
		};
		6DD0DB9E2655C0A70025AF3C /* EventsList */ = {
			isa = PBXGroup;
			children = (
				6DD0DB9F2655C0C00025AF3C /* EventsListViewController.swift */,
				6DD0DBAF2655D2BA0025AF3C /* EventsListViewModel.swift */,
				6DD0DBB326570D570025AF3C /* EventsListWorker.swift */,
			);
			path = EventsList;
			sourceTree = "<group>";
		};
		6DD0DBA12655C61E0025AF3C /* Extension */ = {
			isa = PBXGroup;
			children = (
				6DD0DBA22655C6290025AF3C /* UIColor+Extension.swift */,
				6DD0DBA42655CB270025AF3C /* UIImage+Extension.swift */,
				6DD0DBB12655D3B20025AF3C /* Array+Extension.swift */,
				6DD0DBB8265716320025AF3C /* Segues.swift */,
				6DD0DBC426585B9B0025AF3C /* UIView+Extension.swift */,
			);
			path = Extension;
			sourceTree = "<group>";
		};
		6DD0DBA62655CF000025AF3C /* Support Views */ = {
			isa = PBXGroup;
			children = (
				6DD0DBC6265864D60025AF3C /* EventCollectionViewCell */,
				6DD0DBBF265852910025AF3C /* EventSummaryView */,
				6DD0DBAB2655CF2E0025AF3C /* EventTableVIewCell */,
			);
			path = "Support Views";
			sourceTree = "<group>";
		};
		6DD0DBAB2655CF2E0025AF3C /* EventTableVIewCell */ = {
			isa = PBXGroup;
			children = (
				6DD0DBA72655CF280025AF3C /* EventTableViewCell.swift */,
				6DD0DBA82655CF280025AF3C /* EventTableViewCell.xib */,
			);
			path = EventTableVIewCell;
			sourceTree = "<group>";
		};
		6DD0DBAC2655D1C90025AF3C /* Model */ = {
			isa = PBXGroup;
			children = (
				6DD0DBAD2655D1D30025AF3C /* Event.swift */,
			);
			path = Model;
			sourceTree = "<group>";
		};
		6DD0DBB5265712D90025AF3C /* EventDetail */ = {
			isa = PBXGroup;
			children = (
				6DD0DBB62657130F0025AF3C /* EventDetailViewController.swift */,
				6DD0DBBD265850C20025AF3C /* EventDetailViewModel.swift */,
				6DD0DBCB265B05950025AF3C /* EventDetailWorker.swift */,
			);
			path = EventDetail;
			sourceTree = "<group>";
		};
		6DD0DBBA2657D93C0025AF3C /* Utils */ = {
			isa = PBXGroup;
			children = (
				6DD0DBCD265B09D90025AF3C /* ShapeLayerUtils.swift */,
				6DD0DBBB2657D9900025AF3C /* ExternalLinksUtils.swift */,
				6D28F38F265B2643006A2FC6 /* ChatClient.swift */,
				6DAA32AF265DBBF000D74337 /* LoadingUtils.swift */,
				6DAA32B3265DCD1F00D74337 /* UserDefaultsUtils.swift */,
			);
			path = Utils;
			sourceTree = "<group>";
		};
		6DD0DBBF265852910025AF3C /* EventSummaryView */ = {
			isa = PBXGroup;
			children = (
				6DD0DBC0265852B10025AF3C /* EventSummaryView.swift */,
				6DD0DBC2265852BB0025AF3C /* EventSummaryView.xib */,
			);
			path = EventSummaryView;
			sourceTree = "<group>";
		};
		6DD0DBC6265864D60025AF3C /* EventCollectionViewCell */ = {
			isa = PBXGroup;
			children = (
				6DD0DBC7265864F40025AF3C /* EventCollectionViewCell.swift */,
				6DD0DBC8265864F40025AF3C /* EventCollectionViewCell.xib */,
			);
			path = EventCollectionViewCell;
			sourceTree = "<group>";
		};
		892FB463014B4308F2687D02 /* Pods */ = {
			isa = PBXGroup;
			children = (
				63DE8851AE9298115AF270A9 /* Pods-DateApp.debug.xcconfig */,
				DA454E6BF599AECEEF44070C /* Pods-DateApp.release.xcconfig */,
			);
			path = Pods;
			sourceTree = "<group>";
		};
/* End PBXGroup section */

/* Begin PBXNativeTarget section */
		6D2E442F2655BDD0004B98BC /* DateApp */ = {
			isa = PBXNativeTarget;
			buildConfigurationList = 6D2E44442655BDD1004B98BC /* Build configuration list for PBXNativeTarget "DateApp" */;
			buildPhases = (
				440FBBF9D24F7553A2EA8EEC /* [CP] Check Pods Manifest.lock */,
				6D2E442C2655BDD0004B98BC /* Sources */,
				6D2E442D2655BDD0004B98BC /* Frameworks */,
				6D2E442E2655BDD0004B98BC /* Resources */,
				1E863DBE85575C23D26D15FF /* [CP] Embed Pods Frameworks */,
			);
			buildRules = (
			);
			dependencies = (
			);
			name = DateApp;
			productName = DateApp;
			productReference = 6D2E44302655BDD0004B98BC /* DateApp.app */;
			productType = "com.apple.product-type.application";
		};
/* End PBXNativeTarget section */

/* Begin PBXProject section */
		6D2E44282655BDCF004B98BC /* Project object */ = {
			isa = PBXProject;
			attributes = {
				LastSwiftUpdateCheck = 1250;
				LastUpgradeCheck = 1250;
				TargetAttributes = {
					6D2E442F2655BDD0004B98BC = {
						CreatedOnToolsVersion = 12.5;
					};
				};
			};
			buildConfigurationList = 6D2E442B2655BDCF004B98BC /* Build configuration list for PBXProject "DateApp" */;
			compatibilityVersion = "Xcode 9.3";
			developmentRegion = en;
			hasScannedForEncodings = 0;
			knownRegions = (
				en,
				Base,
			);
			mainGroup = 6D2E44272655BDCF004B98BC;
			productRefGroup = 6D2E44312655BDD0004B98BC /* Products */;
			projectDirPath = "";
			projectRoot = "";
			targets = (
				6D2E442F2655BDD0004B98BC /* DateApp */,
			);
		};
/* End PBXProject section */

/* Begin PBXResourcesBuildPhase section */
		6D2E442E2655BDD0004B98BC /* Resources */ = {
			isa = PBXResourcesBuildPhase;
			buildActionMask = 2147483647;
			files = (
				6DAA32A4265C50F700D74337 /* MessageHeaderView.xib in Resources */,
				6DAA3297265C4E1500D74337 /* Main.storyboard in Resources */,
				6DD0DBAA2655CF280025AF3C /* EventTableViewCell.xib in Resources */,
				6D2E44402655BDD1004B98BC /* LaunchScreen.storyboard in Resources */,
				6DD0DBC3265852BB0025AF3C /* EventSummaryView.xib in Resources */,
				6DAA32AE265C55FF00D74337 /* InboxChatTableViewCell.xib in Resources */,
				6DAA32A7265C535200D74337 /* InboxSectionView.xib in Resources */,
				6D2E44492655BE31004B98BC /* Events.storyboard in Resources */,
				6D2E443D2655BDD1004B98BC /* Assets.xcassets in Resources */,
				6DAA329B265C4F0800D74337 /* Chat.storyboard in Resources */,
				6DD0DBCA265864F40025AF3C /* EventCollectionViewCell.xib in Resources */,
			);
			runOnlyForDeploymentPostprocessing = 0;
		};
/* End PBXResourcesBuildPhase section */

/* Begin PBXShellScriptBuildPhase section */
		1E863DBE85575C23D26D15FF /* [CP] Embed Pods Frameworks */ = {
			isa = PBXShellScriptBuildPhase;
			buildActionMask = 2147483647;
			files = (
			);
			inputFileListPaths = (
				"${PODS_ROOT}/Target Support Files/Pods-DateApp/Pods-DateApp-frameworks-${CONFIGURATION}-input-files.xcfilelist",
			);
			name = "[CP] Embed Pods Frameworks";
			outputFileListPaths = (
				"${PODS_ROOT}/Target Support Files/Pods-DateApp/Pods-DateApp-frameworks-${CONFIGURATION}-output-files.xcfilelist",
			);
			runOnlyForDeploymentPostprocessing = 0;
			shellPath = /bin/sh;
			shellScript = "\"${PODS_ROOT}/Target Support Files/Pods-DateApp/Pods-DateApp-frameworks.sh\"\n";
			showEnvVarsInLog = 0;
		};
		440FBBF9D24F7553A2EA8EEC /* [CP] Check Pods Manifest.lock */ = {
			isa = PBXShellScriptBuildPhase;
			buildActionMask = 2147483647;
			files = (
			);
			inputFileListPaths = (
			);
			inputPaths = (
				"${PODS_PODFILE_DIR_PATH}/Podfile.lock",
				"${PODS_ROOT}/Manifest.lock",
			);
			name = "[CP] Check Pods Manifest.lock";
			outputFileListPaths = (
			);
			outputPaths = (
				"$(DERIVED_FILE_DIR)/Pods-DateApp-checkManifestLockResult.txt",
			);
			runOnlyForDeploymentPostprocessing = 0;
			shellPath = /bin/sh;
			shellScript = "diff \"${PODS_PODFILE_DIR_PATH}/Podfile.lock\" \"${PODS_ROOT}/Manifest.lock\" > /dev/null\nif [ $? != 0 ] ; then\n    # print error to STDERR\n    echo \"error: The sandbox is not in sync with the Podfile.lock. Run 'pod install' or update your CocoaPods installation.\" >&2\n    exit 1\nfi\n# This output is used by Xcode 'outputs' to avoid re-running this script phase.\necho \"SUCCESS\" > \"${SCRIPT_OUTPUT_FILE_0}\"\n";
			showEnvVarsInLog = 0;
		};
/* End PBXShellScriptBuildPhase section */

/* Begin PBXSourcesBuildPhase section */
		6D2E442C2655BDD0004B98BC /* Sources */ = {
			isa = PBXSourcesBuildPhase;
			buildActionMask = 2147483647;
			files = (
				6DD0DBBC2657D9900025AF3C /* ExternalLinksUtils.swift in Sources */,
				6DAA329E265C4FFF00D74337 /* InboxViewController.swift in Sources */,
				6DD0DBAE2655D1D30025AF3C /* Event.swift in Sources */,
				6DAA32AD265C55FF00D74337 /* InboxChatTableViewCell.swift in Sources */,
				6DD0DBB22655D3B20025AF3C /* Array+Extension.swift in Sources */,
				6D2E44382655BDD0004B98BC /* ViewController.swift in Sources */,
				6DD0DBB9265716320025AF3C /* Segues.swift in Sources */,
				6DD0DBA02655C0C00025AF3C /* EventsListViewController.swift in Sources */,
				6D28F390265B2643006A2FC6 /* ChatClient.swift in Sources */,
				6DD0DBB02655D2BA0025AF3C /* EventsListViewModel.swift in Sources */,
				6DAA32A2265C50EC00D74337 /* MessageHeaderView.swift in Sources */,
				6DD0DBC526585B9B0025AF3C /* UIView+Extension.swift in Sources */,
				6D2E44342655BDD0004B98BC /* AppDelegate.swift in Sources */,
				6DD0DBB72657130F0025AF3C /* EventDetailViewController.swift in Sources */,
				6DAA32B4265DCD1F00D74337 /* UserDefaultsUtils.swift in Sources */,
				6DAA32B0265DBBF000D74337 /* LoadingUtils.swift in Sources */,
				6DD0DBA52655CB270025AF3C /* UIImage+Extension.swift in Sources */,
				6DD0DBCE265B09D90025AF3C /* ShapeLayerUtils.swift in Sources */,
				6DD0DBA92655CF280025AF3C /* EventTableViewCell.swift in Sources */,
				6DD0DBCC265B05950025AF3C /* EventDetailWorker.swift in Sources */,
				6DAA32A9265C536000D74337 /* InboxSectionView.swift in Sources */,
				6D2E44362655BDD0004B98BC /* SceneDelegate.swift in Sources */,
				6DD0DBC9265864F40025AF3C /* EventCollectionViewCell.swift in Sources */,
				6DD0DBC1265852B10025AF3C /* EventSummaryView.swift in Sources */,
				6DD0DBB426570D570025AF3C /* EventsListWorker.swift in Sources */,
				6DAA32B2265DC04200D74337 /* InboxViewModel.swift in Sources */,
				6DD0DBA32655C6290025AF3C /* UIColor+Extension.swift in Sources */,
				6DD0DBBE265850C20025AF3C /* EventDetailViewModel.swift in Sources */,
			);
			runOnlyForDeploymentPostprocessing = 0;
		};
/* End PBXSourcesBuildPhase section */

/* Begin PBXVariantGroup section */
		6D2E443E2655BDD1004B98BC /* LaunchScreen.storyboard */ = {
			isa = PBXVariantGroup;
			children = (
				6D2E443F2655BDD1004B98BC /* Base */,
			);
			name = LaunchScreen.storyboard;
			sourceTree = "<group>";
		};
/* End PBXVariantGroup section */

/* Begin XCBuildConfiguration section */
		6D2E44422655BDD1004B98BC /* Debug */ = {
			isa = XCBuildConfiguration;
			buildSettings = {
				ALWAYS_SEARCH_USER_PATHS = NO;
				CLANG_ANALYZER_NONNULL = YES;
				CLANG_ANALYZER_NUMBER_OBJECT_CONVERSION = YES_AGGRESSIVE;
				CLANG_CXX_LANGUAGE_STANDARD = "gnu++14";
				CLANG_CXX_LIBRARY = "libc++";
				CLANG_ENABLE_MODULES = YES;
				CLANG_ENABLE_OBJC_ARC = YES;
				CLANG_ENABLE_OBJC_WEAK = YES;
				CLANG_WARN_BLOCK_CAPTURE_AUTORELEASING = YES;
				CLANG_WARN_BOOL_CONVERSION = YES;
				CLANG_WARN_COMMA = YES;
				CLANG_WARN_CONSTANT_CONVERSION = YES;
				CLANG_WARN_DEPRECATED_OBJC_IMPLEMENTATIONS = YES;
				CLANG_WARN_DIRECT_OBJC_ISA_USAGE = YES_ERROR;
				CLANG_WARN_DOCUMENTATION_COMMENTS = YES;
				CLANG_WARN_EMPTY_BODY = YES;
				CLANG_WARN_ENUM_CONVERSION = YES;
				CLANG_WARN_INFINITE_RECURSION = YES;
				CLANG_WARN_INT_CONVERSION = YES;
				CLANG_WARN_NON_LITERAL_NULL_CONVERSION = YES;
				CLANG_WARN_OBJC_IMPLICIT_RETAIN_SELF = YES;
				CLANG_WARN_OBJC_LITERAL_CONVERSION = YES;
				CLANG_WARN_OBJC_ROOT_CLASS = YES_ERROR;
				CLANG_WARN_QUOTED_INCLUDE_IN_FRAMEWORK_HEADER = YES;
				CLANG_WARN_RANGE_LOOP_ANALYSIS = YES;
				CLANG_WARN_STRICT_PROTOTYPES = YES;
				CLANG_WARN_SUSPICIOUS_MOVE = YES;
				CLANG_WARN_UNGUARDED_AVAILABILITY = YES_AGGRESSIVE;
				CLANG_WARN_UNREACHABLE_CODE = YES;
				CLANG_WARN__DUPLICATE_METHOD_MATCH = YES;
				COPY_PHASE_STRIP = NO;
				DEBUG_INFORMATION_FORMAT = dwarf;
				ENABLE_STRICT_OBJC_MSGSEND = YES;
				ENABLE_TESTABILITY = YES;
				GCC_C_LANGUAGE_STANDARD = gnu11;
				GCC_DYNAMIC_NO_PIC = NO;
				GCC_NO_COMMON_BLOCKS = YES;
				GCC_OPTIMIZATION_LEVEL = 0;
				GCC_PREPROCESSOR_DEFINITIONS = (
					"DEBUG=1",
					"$(inherited)",
				);
				GCC_WARN_64_TO_32_BIT_CONVERSION = YES;
				GCC_WARN_ABOUT_RETURN_TYPE = YES_ERROR;
				GCC_WARN_UNDECLARED_SELECTOR = YES;
				GCC_WARN_UNINITIALIZED_AUTOS = YES_AGGRESSIVE;
				GCC_WARN_UNUSED_FUNCTION = YES;
				GCC_WARN_UNUSED_VARIABLE = YES;
				IPHONEOS_DEPLOYMENT_TARGET = 14.5;
				MTL_ENABLE_DEBUG_INFO = INCLUDE_SOURCE;
				MTL_FAST_MATH = YES;
				ONLY_ACTIVE_ARCH = YES;
				SDKROOT = iphoneos;
				SWIFT_ACTIVE_COMPILATION_CONDITIONS = DEBUG;
				SWIFT_OPTIMIZATION_LEVEL = "-Onone";
			};
			name = Debug;
		};
		6D2E44432655BDD1004B98BC /* Release */ = {
			isa = XCBuildConfiguration;
			buildSettings = {
				ALWAYS_SEARCH_USER_PATHS = NO;
				CLANG_ANALYZER_NONNULL = YES;
				CLANG_ANALYZER_NUMBER_OBJECT_CONVERSION = YES_AGGRESSIVE;
				CLANG_CXX_LANGUAGE_STANDARD = "gnu++14";
				CLANG_CXX_LIBRARY = "libc++";
				CLANG_ENABLE_MODULES = YES;
				CLANG_ENABLE_OBJC_ARC = YES;
				CLANG_ENABLE_OBJC_WEAK = YES;
				CLANG_WARN_BLOCK_CAPTURE_AUTORELEASING = YES;
				CLANG_WARN_BOOL_CONVERSION = YES;
				CLANG_WARN_COMMA = YES;
				CLANG_WARN_CONSTANT_CONVERSION = YES;
				CLANG_WARN_DEPRECATED_OBJC_IMPLEMENTATIONS = YES;
				CLANG_WARN_DIRECT_OBJC_ISA_USAGE = YES_ERROR;
				CLANG_WARN_DOCUMENTATION_COMMENTS = YES;
				CLANG_WARN_EMPTY_BODY = YES;
				CLANG_WARN_ENUM_CONVERSION = YES;
				CLANG_WARN_INFINITE_RECURSION = YES;
				CLANG_WARN_INT_CONVERSION = YES;
				CLANG_WARN_NON_LITERAL_NULL_CONVERSION = YES;
				CLANG_WARN_OBJC_IMPLICIT_RETAIN_SELF = YES;
				CLANG_WARN_OBJC_LITERAL_CONVERSION = YES;
				CLANG_WARN_OBJC_ROOT_CLASS = YES_ERROR;
				CLANG_WARN_QUOTED_INCLUDE_IN_FRAMEWORK_HEADER = YES;
				CLANG_WARN_RANGE_LOOP_ANALYSIS = YES;
				CLANG_WARN_STRICT_PROTOTYPES = YES;
				CLANG_WARN_SUSPICIOUS_MOVE = YES;
				CLANG_WARN_UNGUARDED_AVAILABILITY = YES_AGGRESSIVE;
				CLANG_WARN_UNREACHABLE_CODE = YES;
				CLANG_WARN__DUPLICATE_METHOD_MATCH = YES;
				COPY_PHASE_STRIP = NO;
				DEBUG_INFORMATION_FORMAT = "dwarf-with-dsym";
				ENABLE_NS_ASSERTIONS = NO;
				ENABLE_STRICT_OBJC_MSGSEND = YES;
				GCC_C_LANGUAGE_STANDARD = gnu11;
				GCC_NO_COMMON_BLOCKS = YES;
				GCC_WARN_64_TO_32_BIT_CONVERSION = YES;
				GCC_WARN_ABOUT_RETURN_TYPE = YES_ERROR;
				GCC_WARN_UNDECLARED_SELECTOR = YES;
				GCC_WARN_UNINITIALIZED_AUTOS = YES_AGGRESSIVE;
				GCC_WARN_UNUSED_FUNCTION = YES;
				GCC_WARN_UNUSED_VARIABLE = YES;
				IPHONEOS_DEPLOYMENT_TARGET = 14.5;
				MTL_ENABLE_DEBUG_INFO = NO;
				MTL_FAST_MATH = YES;
				SDKROOT = iphoneos;
				SWIFT_COMPILATION_MODE = wholemodule;
				SWIFT_OPTIMIZATION_LEVEL = "-O";
				VALIDATE_PRODUCT = YES;
			};
			name = Release;
		};
		6D2E44452655BDD1004B98BC /* Debug */ = {
			isa = XCBuildConfiguration;
			baseConfigurationReference = 63DE8851AE9298115AF270A9 /* Pods-DateApp.debug.xcconfig */;
			buildSettings = {
				ASSETCATALOG_COMPILER_APPICON_NAME = AppIcon;
				ASSETCATALOG_COMPILER_GLOBAL_ACCENT_COLOR_NAME = AccentColor;
				CODE_SIGN_STYLE = Automatic;
				DEVELOPMENT_TEAM = 98552BXM3C;
				INFOPLIST_FILE = DateApp/Info.plist;
				LD_RUNPATH_SEARCH_PATHS = (
					"$(inherited)",
					"@executable_path/Frameworks",
				);
				PRODUCT_BUNDLE_IDENTIFIER = com.raphaelcarletti.DateApp;
				PRODUCT_NAME = "$(TARGET_NAME)";
				SWIFT_VERSION = 5.0;
				TARGETED_DEVICE_FAMILY = "1,2";
			};
			name = Debug;
		};
		6D2E44462655BDD1004B98BC /* Release */ = {
			isa = XCBuildConfiguration;
			baseConfigurationReference = DA454E6BF599AECEEF44070C /* Pods-DateApp.release.xcconfig */;
			buildSettings = {
				ASSETCATALOG_COMPILER_APPICON_NAME = AppIcon;
				ASSETCATALOG_COMPILER_GLOBAL_ACCENT_COLOR_NAME = AccentColor;
				CODE_SIGN_STYLE = Automatic;
				DEVELOPMENT_TEAM = 98552BXM3C;
				INFOPLIST_FILE = DateApp/Info.plist;
				LD_RUNPATH_SEARCH_PATHS = (
					"$(inherited)",
					"@executable_path/Frameworks",
				);
				PRODUCT_BUNDLE_IDENTIFIER = com.raphaelcarletti.DateApp;
				PRODUCT_NAME = "$(TARGET_NAME)";
				SWIFT_VERSION = 5.0;
				TARGETED_DEVICE_FAMILY = "1,2";
			};
			name = Release;
		};
/* End XCBuildConfiguration section */

/* Begin XCConfigurationList section */
		6D2E442B2655BDCF004B98BC /* Build configuration list for PBXProject "DateApp" */ = {
			isa = XCConfigurationList;
			buildConfigurations = (
				6D2E44422655BDD1004B98BC /* Debug */,
				6D2E44432655BDD1004B98BC /* Release */,
			);
			defaultConfigurationIsVisible = 0;
			defaultConfigurationName = Release;
		};
		6D2E44442655BDD1004B98BC /* Build configuration list for PBXNativeTarget "DateApp" */ = {
			isa = XCConfigurationList;
			buildConfigurations = (
				6D2E44452655BDD1004B98BC /* Debug */,
				6D2E44462655BDD1004B98BC /* Release */,
			);
			defaultConfigurationIsVisible = 0;
			defaultConfigurationName = Release;
		};
/* End XCConfigurationList section */
	};
	rootObject = 6D2E44282655BDCF004B98BC /* Project object */;
}
