// !$*UTF8*$!
{
	archiveVersion = 1;
	classes = {
	};
	objectVersion = 51;
	objects = {

/* Begin PBXBuildFile section */
		2C579B326DD9EFA6E1BD9EF0 /* Pods_DateApp.framework in Frameworks */ = {isa = PBXBuildFile; fileRef = 2548D9D28802A91362BE1270 /* Pods_DateApp.framework */; };
		6D28F390265B2643006A2FC6 /* ChatClient.swift in Sources */ = {isa = PBXBuildFile; fileRef = 6D28F38F265B2643006A2FC6 /* ChatClient.swift */; };
		6D2E44342655BDD0004B98BC /* AppDelegate.swift in Sources */ = {isa = PBXBuildFile; fileRef = 6D2E44332655BDD0004B98BC /* AppDelegate.swift */; };
		6D2E44362655BDD0004B98BC /* SceneDelegate.swift in Sources */ = {isa = PBXBuildFile; fileRef = 6D2E44352655BDD0004B98BC /* SceneDelegate.swift */; };
		6D2E44382655BDD0004B98BC /* ViewController.swift in Sources */ = {isa = PBXBuildFile; fileRef = 6D2E44372655BDD0004B98BC /* ViewController.swift */; };
		6D2E443D2655BDD1004B98BC /* Assets.xcassets in Resources */ = {isa = PBXBuildFile; fileRef = 6D2E443C2655BDD1004B98BC /* Assets.xcassets */; };
		6D2E44402655BDD1004B98BC /* LaunchScreen.storyboard in Resources */ = {isa = PBXBuildFile; fileRef = 6D2E443E2655BDD1004B98BC /* LaunchScreen.storyboard */; };
		6D2E44492655BE31004B98BC /* Events.storyboard in Resources */ = {isa = PBXBuildFile; fileRef = 6D2E44482655BE31004B98BC /* Events.storyboard */; };
		6D800B99266ACFD000C7EB08 /* OptionsMenuViewController.swift in Sources */ = {isa = PBXBuildFile; fileRef = 6D800B98266ACFD000C7EB08 /* OptionsMenuViewController.swift */; };
		6D800B9B266D766300C7EB08 /* UITableViewCell+Extension.swift in Sources */ = {isa = PBXBuildFile; fileRef = 6D800B9A266D766300C7EB08 /* UITableViewCell+Extension.swift */; };
		6D800B9E266EC28F00C7EB08 /* Notifications.storyboard in Resources */ = {isa = PBXBuildFile; fileRef = 6D800B9D266EC28F00C7EB08 /* Notifications.storyboard */; };
		6D800BA1266EC3A300C7EB08 /* NotificationCenterViewController.swift in Sources */ = {isa = PBXBuildFile; fileRef = 6D800BA0266EC3A300C7EB08 /* NotificationCenterViewController.swift */; };
		6D800BA4266ECBCF00C7EB08 /* NotificationCenterViewModel.swift in Sources */ = {isa = PBXBuildFile; fileRef = 6D800BA3266ECBCF00C7EB08 /* NotificationCenterViewModel.swift */; };
		6D800BA9266ECE1D00C7EB08 /* NotificationTableViewCell.swift in Sources */ = {isa = PBXBuildFile; fileRef = 6D800BA7266ECE1D00C7EB08 /* NotificationTableViewCell.swift */; };
		6D800BAA266ECE1D00C7EB08 /* NotificationTableViewCell.xib in Resources */ = {isa = PBXBuildFile; fileRef = 6D800BA8266ECE1D00C7EB08 /* NotificationTableViewCell.xib */; };
		6D800BAC2672B8D300C7EB08 /* AppNotification.swift in Sources */ = {isa = PBXBuildFile; fileRef = 6D800BAB2672B8D300C7EB08 /* AppNotification.swift */; };
		6D800BAE2672B97400C7EB08 /* NotificationCenterWorker.swift in Sources */ = {isa = PBXBuildFile; fileRef = 6D800BAD2672B97400C7EB08 /* NotificationCenterWorker.swift */; };
		6D800BB1267407C900C7EB08 /* SendInvite.storyboard in Resources */ = {isa = PBXBuildFile; fileRef = 6D800BB0267407C900C7EB08 /* SendInvite.storyboard */; };
		6D800BB42674097A00C7EB08 /* SendInviteViewController.swift in Sources */ = {isa = PBXBuildFile; fileRef = 6D800BB32674097A00C7EB08 /* SendInviteViewController.swift */; };
		6D800BB626740DE900C7EB08 /* SendInviteViewModel.swift in Sources */ = {isa = PBXBuildFile; fileRef = 6D800BB526740DE900C7EB08 /* SendInviteViewModel.swift */; };
		6D800BBB26740EC800C7EB08 /* SendInviteProfileTableViewCell.xib in Resources */ = {isa = PBXBuildFile; fileRef = 6D800BB926740EC800C7EB08 /* SendInviteProfileTableViewCell.xib */; };
		6D800BBC26740EC800C7EB08 /* SendInviteProfileTableViewCell.swift in Sources */ = {isa = PBXBuildFile; fileRef = 6D800BBA26740EC800C7EB08 /* SendInviteProfileTableViewCell.swift */; };
		6D800BBE2674124800C7EB08 /* Profile.swift in Sources */ = {isa = PBXBuildFile; fileRef = 6D800BBD2674124800C7EB08 /* Profile.swift */; };
		6D800BC02674133500C7EB08 /* SendInviteWorker.swift in Sources */ = {isa = PBXBuildFile; fileRef = 6D800BBF2674133500C7EB08 /* SendInviteWorker.swift */; };
		6D800BC32675629400C7EB08 /* Profile.storyboard in Resources */ = {isa = PBXBuildFile; fileRef = 6D800BC22675629300C7EB08 /* Profile.storyboard */; };
		6D800BC72675662B00C7EB08 /* ProfileOptionView.swift in Sources */ = {isa = PBXBuildFile; fileRef = 6D800BC62675662B00C7EB08 /* ProfileOptionView.swift */; };
		6D800BC92675664100C7EB08 /* ProfileOptionView.xib in Resources */ = {isa = PBXBuildFile; fileRef = 6D800BC82675664100C7EB08 /* ProfileOptionView.xib */; };
		6D800BCC267572F600C7EB08 /* ProfileViewController.swift in Sources */ = {isa = PBXBuildFile; fileRef = 6D800BCB267572F600C7EB08 /* ProfileViewController.swift */; };
		6D800BCF2675776900C7EB08 /* WellnessPillarsViewController.swift in Sources */ = {isa = PBXBuildFile; fileRef = 6D800BCE2675776900C7EB08 /* WellnessPillarsViewController.swift */; };
		6D800BD4267578A500C7EB08 /* WellnessPillarTableViewCell.swift in Sources */ = {isa = PBXBuildFile; fileRef = 6D800BD2267578A500C7EB08 /* WellnessPillarTableViewCell.swift */; };
		6D800BD5267578A500C7EB08 /* WellnessPillarTableViewCell.xib in Resources */ = {isa = PBXBuildFile; fileRef = 6D800BD3267578A500C7EB08 /* WellnessPillarTableViewCell.xib */; };
		6D800BD726757B8800C7EB08 /* WellnessPillarsViewModel.swift in Sources */ = {isa = PBXBuildFile; fileRef = 6D800BD626757B8800C7EB08 /* WellnessPillarsViewModel.swift */; };
		6D800BDA26764CE900C7EB08 /* WellnessPillarDetailViewController.swift in Sources */ = {isa = PBXBuildFile; fileRef = 6D800BD926764CE900C7EB08 /* WellnessPillarDetailViewController.swift */; };
		6D800BDE2676590C00C7EB08 /* SocialPillarEventsView.swift in Sources */ = {isa = PBXBuildFile; fileRef = 6D800BDD2676590C00C7EB08 /* SocialPillarEventsView.swift */; };
		6D800BE02676591C00C7EB08 /* SocialPillarEventsView.xib in Resources */ = {isa = PBXBuildFile; fileRef = 6D800BDF2676591C00C7EB08 /* SocialPillarEventsView.xib */; };
		6D800BE2267669B000C7EB08 /* WellnessPillarDetailsViewModel.swift in Sources */ = {isa = PBXBuildFile; fileRef = 6D800BE1267669B000C7EB08 /* WellnessPillarDetailsViewModel.swift */; };
		6D800BE4267669FC00C7EB08 /* WellnessPillarDetailsWorker.swift in Sources */ = {isa = PBXBuildFile; fileRef = 6D800BE3267669FC00C7EB08 /* WellnessPillarDetailsWorker.swift */; };
		6D800BE72676707400C7EB08 /* SearchFilterView.swift in Sources */ = {isa = PBXBuildFile; fileRef = 6D800BE62676707400C7EB08 /* SearchFilterView.swift */; };
		6D800BE92676707F00C7EB08 /* SearchFilterView.xib in Resources */ = {isa = PBXBuildFile; fileRef = 6D800BE82676707F00C7EB08 /* SearchFilterView.xib */; };
		6D800BEC26767DBE00C7EB08 /* PillarFilterViewController.swift in Sources */ = {isa = PBXBuildFile; fileRef = 6D800BEB26767DBE00C7EB08 /* PillarFilterViewController.swift */; };
		6DAA3297265C4E1500D74337 /* Main.storyboard in Resources */ = {isa = PBXBuildFile; fileRef = 6DAA3296265C4E1500D74337 /* Main.storyboard */; };
		6DAA329B265C4F0800D74337 /* Chat.storyboard in Resources */ = {isa = PBXBuildFile; fileRef = 6DAA329A265C4F0800D74337 /* Chat.storyboard */; };
		6DAA329E265C4FFF00D74337 /* InboxViewController.swift in Sources */ = {isa = PBXBuildFile; fileRef = 6DAA329D265C4FFF00D74337 /* InboxViewController.swift */; };
		6DAA32A2265C50EC00D74337 /* MessageHeaderView.swift in Sources */ = {isa = PBXBuildFile; fileRef = 6DAA32A1265C50EC00D74337 /* MessageHeaderView.swift */; };
		6DAA32A4265C50F700D74337 /* MessageHeaderView.xib in Resources */ = {isa = PBXBuildFile; fileRef = 6DAA32A3265C50F700D74337 /* MessageHeaderView.xib */; };
		6DAA32A7265C535200D74337 /* SectionHeaderView.xib in Resources */ = {isa = PBXBuildFile; fileRef = 6DAA32A6265C535200D74337 /* SectionHeaderView.xib */; };
		6DAA32A9265C536000D74337 /* SectionHeaderView.swift in Sources */ = {isa = PBXBuildFile; fileRef = 6DAA32A8265C536000D74337 /* SectionHeaderView.swift */; };
		6DAA32AD265C55FF00D74337 /* InboxChatTableViewCell.swift in Sources */ = {isa = PBXBuildFile; fileRef = 6DAA32AB265C55FF00D74337 /* InboxChatTableViewCell.swift */; };
		6DAA32AE265C55FF00D74337 /* InboxChatTableViewCell.xib in Resources */ = {isa = PBXBuildFile; fileRef = 6DAA32AC265C55FF00D74337 /* InboxChatTableViewCell.xib */; };
		6DAA32B0265DBBF000D74337 /* LoadingUtils.swift in Sources */ = {isa = PBXBuildFile; fileRef = 6DAA32AF265DBBF000D74337 /* LoadingUtils.swift */; };
		6DAA32B2265DC04200D74337 /* InboxViewModel.swift in Sources */ = {isa = PBXBuildFile; fileRef = 6DAA32B1265DC04200D74337 /* InboxViewModel.swift */; };
		6DAA32B4265DCD1F00D74337 /* UserDefaultsUtils.swift in Sources */ = {isa = PBXBuildFile; fileRef = 6DAA32B3265DCD1F00D74337 /* UserDefaultsUtils.swift */; };
		6DAA32B7265F12BD00D74337 /* ConversationViewController.swift in Sources */ = {isa = PBXBuildFile; fileRef = 6DAA32B6265F12BD00D74337 /* ConversationViewController.swift */; };
		6DB8CB1E26813CB00084DC78 /* MySavedViewController.swift in Sources */ = {isa = PBXBuildFile; fileRef = 6DB8CB1D26813CB00084DC78 /* MySavedViewController.swift */; };
		6DB8CB2026813E770084DC78 /* MySavedViewModel.swift in Sources */ = {isa = PBXBuildFile; fileRef = 6DB8CB1F26813E770084DC78 /* MySavedViewModel.swift */; };
		6DB8CB2226813F760084DC78 /* MySavedWorker.swift in Sources */ = {isa = PBXBuildFile; fileRef = 6DB8CB2126813F760084DC78 /* MySavedWorker.swift */; };
		6DD0DBA02655C0C00025AF3C /* EventsListViewController.swift in Sources */ = {isa = PBXBuildFile; fileRef = 6DD0DB9F2655C0C00025AF3C /* EventsListViewController.swift */; };
		6DD0DBA32655C6290025AF3C /* UIColor+Extension.swift in Sources */ = {isa = PBXBuildFile; fileRef = 6DD0DBA22655C6290025AF3C /* UIColor+Extension.swift */; };
		6DD0DBA52655CB270025AF3C /* UIImage+Extension.swift in Sources */ = {isa = PBXBuildFile; fileRef = 6DD0DBA42655CB270025AF3C /* UIImage+Extension.swift */; };
		6DD0DBA92655CF280025AF3C /* EventTableViewCell.swift in Sources */ = {isa = PBXBuildFile; fileRef = 6DD0DBA72655CF280025AF3C /* EventTableViewCell.swift */; };
		6DD0DBAA2655CF280025AF3C /* EventTableViewCell.xib in Resources */ = {isa = PBXBuildFile; fileRef = 6DD0DBA82655CF280025AF3C /* EventTableViewCell.xib */; };
		6DD0DBAE2655D1D30025AF3C /* Event.swift in Sources */ = {isa = PBXBuildFile; fileRef = 6DD0DBAD2655D1D30025AF3C /* Event.swift */; };
		6DD0DBB02655D2BA0025AF3C /* EventsListViewModel.swift in Sources */ = {isa = PBXBuildFile; fileRef = 6DD0DBAF2655D2BA0025AF3C /* EventsListViewModel.swift */; };
		6DD0DBB22655D3B20025AF3C /* Array+Extension.swift in Sources */ = {isa = PBXBuildFile; fileRef = 6DD0DBB12655D3B20025AF3C /* Array+Extension.swift */; };
		6DD0DBB426570D570025AF3C /* EventsListWorker.swift in Sources */ = {isa = PBXBuildFile; fileRef = 6DD0DBB326570D570025AF3C /* EventsListWorker.swift */; };
		6DD0DBB72657130F0025AF3C /* EventDetailViewController.swift in Sources */ = {isa = PBXBuildFile; fileRef = 6DD0DBB62657130F0025AF3C /* EventDetailViewController.swift */; };
		6DD0DBB9265716320025AF3C /* Segues.swift in Sources */ = {isa = PBXBuildFile; fileRef = 6DD0DBB8265716320025AF3C /* Segues.swift */; };
		6DD0DBBC2657D9900025AF3C /* ExternalLinksUtils.swift in Sources */ = {isa = PBXBuildFile; fileRef = 6DD0DBBB2657D9900025AF3C /* ExternalLinksUtils.swift */; };
		6DD0DBBE265850C20025AF3C /* EventDetailViewModel.swift in Sources */ = {isa = PBXBuildFile; fileRef = 6DD0DBBD265850C20025AF3C /* EventDetailViewModel.swift */; };
		6DD0DBC1265852B10025AF3C /* EventSummaryView.swift in Sources */ = {isa = PBXBuildFile; fileRef = 6DD0DBC0265852B10025AF3C /* EventSummaryView.swift */; };
		6DD0DBC3265852BB0025AF3C /* EventSummaryView.xib in Resources */ = {isa = PBXBuildFile; fileRef = 6DD0DBC2265852BB0025AF3C /* EventSummaryView.xib */; };
		6DD0DBC526585B9B0025AF3C /* UIView+Extension.swift in Sources */ = {isa = PBXBuildFile; fileRef = 6DD0DBC426585B9B0025AF3C /* UIView+Extension.swift */; };
		6DD0DBC9265864F40025AF3C /* EventCollectionViewCell.swift in Sources */ = {isa = PBXBuildFile; fileRef = 6DD0DBC7265864F40025AF3C /* EventCollectionViewCell.swift */; };
		6DD0DBCA265864F40025AF3C /* EventCollectionViewCell.xib in Resources */ = {isa = PBXBuildFile; fileRef = 6DD0DBC8265864F40025AF3C /* EventCollectionViewCell.xib */; };
		6DD0DBCC265B05950025AF3C /* EventDetailWorker.swift in Sources */ = {isa = PBXBuildFile; fileRef = 6DD0DBCB265B05950025AF3C /* EventDetailWorker.swift */; };
		6DD0DBCE265B09D90025AF3C /* ShapeLayerUtils.swift in Sources */ = {isa = PBXBuildFile; fileRef = 6DD0DBCD265B09D90025AF3C /* ShapeLayerUtils.swift */; };
		6DF3E72326610A140087E88F /* ConversationViewModel.swift in Sources */ = {isa = PBXBuildFile; fileRef = 6DF3E72226610A140087E88F /* ConversationViewModel.swift */; };
		6DF3E72526610ADA0087E88F /* ConversationController.swift in Sources */ = {isa = PBXBuildFile; fileRef = 6DF3E72426610ADA0087E88F /* ConversationController.swift */; };
		6DF3E72A266115A00087E88F /* ChatTextTableViewCell.swift in Sources */ = {isa = PBXBuildFile; fileRef = 6DF3E728266115A00087E88F /* ChatTextTableViewCell.swift */; };
		6DF3E72B266115A00087E88F /* ChatTextTableViewCell.xib in Resources */ = {isa = PBXBuildFile; fileRef = 6DF3E729266115A00087E88F /* ChatTextTableViewCell.xib */; };
		6DF9BA112661B12D00803C7F /* ChatSectionHeaderView.swift in Sources */ = {isa = PBXBuildFile; fileRef = 6DF9BA102661B12D00803C7F /* ChatSectionHeaderView.swift */; };
		6DF9BA132661B14500803C7F /* ChatSectionHeaderView.xib in Resources */ = {isa = PBXBuildFile; fileRef = 6DF9BA122661B14500803C7F /* ChatSectionHeaderView.xib */; };
		6DF9BA152662658F00803C7F /* NotificationCenter+Extension.swift in Sources */ = {isa = PBXBuildFile; fileRef = 6DF9BA142662658F00803C7F /* NotificationCenter+Extension.swift */; };
		6DF9BA1726626F0D00803C7F /* Date+Extension.swift in Sources */ = {isa = PBXBuildFile; fileRef = 6DF9BA1626626F0D00803C7F /* Date+Extension.swift */; };
		6DF9BA1B26627A1D00803C7F /* ChatEventTableViewCell.swift in Sources */ = {isa = PBXBuildFile; fileRef = 6DF9BA1926627A1D00803C7F /* ChatEventTableViewCell.swift */; };
		6DF9BA1C26627A1D00803C7F /* ChatEventTableViewCell.xib in Resources */ = {isa = PBXBuildFile; fileRef = 6DF9BA1A26627A1D00803C7F /* ChatEventTableViewCell.xib */; };
		6DF9BA1E26627ED500803C7F /* MessageAttachments.swift in Sources */ = {isa = PBXBuildFile; fileRef = 6DF9BA1D26627ED500803C7F /* MessageAttachments.swift */; };
/* End PBXBuildFile section */

/* Begin PBXFileReference section */
		2548D9D28802A91362BE1270 /* Pods_DateApp.framework */ = {isa = PBXFileReference; explicitFileType = wrapper.framework; includeInIndex = 0; path = Pods_DateApp.framework; sourceTree = BUILT_PRODUCTS_DIR; };
		63DE8851AE9298115AF270A9 /* Pods-DateApp.debug.xcconfig */ = {isa = PBXFileReference; includeInIndex = 1; lastKnownFileType = text.xcconfig; name = "Pods-DateApp.debug.xcconfig"; path = "Target Support Files/Pods-DateApp/Pods-DateApp.debug.xcconfig"; sourceTree = "<group>"; };
		6D28F38F265B2643006A2FC6 /* ChatClient.swift */ = {isa = PBXFileReference; lastKnownFileType = sourcecode.swift; path = ChatClient.swift; sourceTree = "<group>"; };
		6D2E44302655BDD0004B98BC /* DateApp.app */ = {isa = PBXFileReference; explicitFileType = wrapper.application; includeInIndex = 0; path = DateApp.app; sourceTree = BUILT_PRODUCTS_DIR; };
		6D2E44332655BDD0004B98BC /* AppDelegate.swift */ = {isa = PBXFileReference; lastKnownFileType = sourcecode.swift; path = AppDelegate.swift; sourceTree = "<group>"; };
		6D2E44352655BDD0004B98BC /* SceneDelegate.swift */ = {isa = PBXFileReference; lastKnownFileType = sourcecode.swift; path = SceneDelegate.swift; sourceTree = "<group>"; };
		6D2E44372655BDD0004B98BC /* ViewController.swift */ = {isa = PBXFileReference; lastKnownFileType = sourcecode.swift; path = ViewController.swift; sourceTree = "<group>"; };
		6D2E443C2655BDD1004B98BC /* Assets.xcassets */ = {isa = PBXFileReference; lastKnownFileType = folder.assetcatalog; path = Assets.xcassets; sourceTree = "<group>"; };
		6D2E443F2655BDD1004B98BC /* Base */ = {isa = PBXFileReference; lastKnownFileType = file.storyboard; name = Base; path = Base.lproj/LaunchScreen.storyboard; sourceTree = "<group>"; };
		6D2E44412655BDD1004B98BC /* Info.plist */ = {isa = PBXFileReference; lastKnownFileType = text.plist.xml; path = Info.plist; sourceTree = "<group>"; };
		6D2E44482655BE31004B98BC /* Events.storyboard */ = {isa = PBXFileReference; lastKnownFileType = file.storyboard; path = Events.storyboard; sourceTree = "<group>"; };
		6D800B98266ACFD000C7EB08 /* OptionsMenuViewController.swift */ = {isa = PBXFileReference; lastKnownFileType = sourcecode.swift; path = OptionsMenuViewController.swift; sourceTree = "<group>"; };
		6D800B9A266D766300C7EB08 /* UITableViewCell+Extension.swift */ = {isa = PBXFileReference; lastKnownFileType = sourcecode.swift; path = "UITableViewCell+Extension.swift"; sourceTree = "<group>"; };
		6D800B9D266EC28F00C7EB08 /* Notifications.storyboard */ = {isa = PBXFileReference; lastKnownFileType = file.storyboard; path = Notifications.storyboard; sourceTree = "<group>"; };
		6D800BA0266EC3A300C7EB08 /* NotificationCenterViewController.swift */ = {isa = PBXFileReference; lastKnownFileType = sourcecode.swift; path = NotificationCenterViewController.swift; sourceTree = "<group>"; };
		6D800BA3266ECBCF00C7EB08 /* NotificationCenterViewModel.swift */ = {isa = PBXFileReference; lastKnownFileType = sourcecode.swift; path = NotificationCenterViewModel.swift; sourceTree = "<group>"; };
		6D800BA7266ECE1D00C7EB08 /* NotificationTableViewCell.swift */ = {isa = PBXFileReference; lastKnownFileType = sourcecode.swift; path = NotificationTableViewCell.swift; sourceTree = "<group>"; };
		6D800BA8266ECE1D00C7EB08 /* NotificationTableViewCell.xib */ = {isa = PBXFileReference; lastKnownFileType = file.xib; path = NotificationTableViewCell.xib; sourceTree = "<group>"; };
		6D800BAB2672B8D300C7EB08 /* AppNotification.swift */ = {isa = PBXFileReference; lastKnownFileType = sourcecode.swift; path = AppNotification.swift; sourceTree = "<group>"; };
		6D800BAD2672B97400C7EB08 /* NotificationCenterWorker.swift */ = {isa = PBXFileReference; lastKnownFileType = sourcecode.swift; path = NotificationCenterWorker.swift; sourceTree = "<group>"; };
		6D800BB0267407C900C7EB08 /* SendInvite.storyboard */ = {isa = PBXFileReference; lastKnownFileType = file.storyboard; path = SendInvite.storyboard; sourceTree = "<group>"; };
		6D800BB32674097A00C7EB08 /* SendInviteViewController.swift */ = {isa = PBXFileReference; lastKnownFileType = sourcecode.swift; path = SendInviteViewController.swift; sourceTree = "<group>"; };
		6D800BB526740DE900C7EB08 /* SendInviteViewModel.swift */ = {isa = PBXFileReference; lastKnownFileType = sourcecode.swift; path = SendInviteViewModel.swift; sourceTree = "<group>"; };
		6D800BB926740EC800C7EB08 /* SendInviteProfileTableViewCell.xib */ = {isa = PBXFileReference; fileEncoding = 4; lastKnownFileType = file.xib; path = SendInviteProfileTableViewCell.xib; sourceTree = "<group>"; };
		6D800BBA26740EC800C7EB08 /* SendInviteProfileTableViewCell.swift */ = {isa = PBXFileReference; fileEncoding = 4; lastKnownFileType = sourcecode.swift; path = SendInviteProfileTableViewCell.swift; sourceTree = "<group>"; };
		6D800BBD2674124800C7EB08 /* Profile.swift */ = {isa = PBXFileReference; lastKnownFileType = sourcecode.swift; path = Profile.swift; sourceTree = "<group>"; };
		6D800BBF2674133500C7EB08 /* SendInviteWorker.swift */ = {isa = PBXFileReference; lastKnownFileType = sourcecode.swift; path = SendInviteWorker.swift; sourceTree = "<group>"; };
		6D800BC22675629300C7EB08 /* Profile.storyboard */ = {isa = PBXFileReference; lastKnownFileType = file.storyboard; path = Profile.storyboard; sourceTree = "<group>"; };
		6D800BC62675662B00C7EB08 /* ProfileOptionView.swift */ = {isa = PBXFileReference; lastKnownFileType = sourcecode.swift; path = ProfileOptionView.swift; sourceTree = "<group>"; };
		6D800BC82675664100C7EB08 /* ProfileOptionView.xib */ = {isa = PBXFileReference; lastKnownFileType = file.xib; path = ProfileOptionView.xib; sourceTree = "<group>"; };
		6D800BCB267572F600C7EB08 /* ProfileViewController.swift */ = {isa = PBXFileReference; lastKnownFileType = sourcecode.swift; path = ProfileViewController.swift; sourceTree = "<group>"; };
		6D800BCE2675776900C7EB08 /* WellnessPillarsViewController.swift */ = {isa = PBXFileReference; lastKnownFileType = sourcecode.swift; path = WellnessPillarsViewController.swift; sourceTree = "<group>"; };
		6D800BD2267578A500C7EB08 /* WellnessPillarTableViewCell.swift */ = {isa = PBXFileReference; lastKnownFileType = sourcecode.swift; path = WellnessPillarTableViewCell.swift; sourceTree = "<group>"; };
		6D800BD3267578A500C7EB08 /* WellnessPillarTableViewCell.xib */ = {isa = PBXFileReference; lastKnownFileType = file.xib; path = WellnessPillarTableViewCell.xib; sourceTree = "<group>"; };
		6D800BD626757B8800C7EB08 /* WellnessPillarsViewModel.swift */ = {isa = PBXFileReference; lastKnownFileType = sourcecode.swift; path = WellnessPillarsViewModel.swift; sourceTree = "<group>"; };
		6D800BD926764CE900C7EB08 /* WellnessPillarDetailViewController.swift */ = {isa = PBXFileReference; lastKnownFileType = sourcecode.swift; path = WellnessPillarDetailViewController.swift; sourceTree = "<group>"; };
		6D800BDD2676590C00C7EB08 /* SocialPillarEventsView.swift */ = {isa = PBXFileReference; lastKnownFileType = sourcecode.swift; path = SocialPillarEventsView.swift; sourceTree = "<group>"; };
		6D800BDF2676591C00C7EB08 /* SocialPillarEventsView.xib */ = {isa = PBXFileReference; lastKnownFileType = file.xib; path = SocialPillarEventsView.xib; sourceTree = "<group>"; };
		6D800BE1267669B000C7EB08 /* WellnessPillarDetailsViewModel.swift */ = {isa = PBXFileReference; lastKnownFileType = sourcecode.swift; path = WellnessPillarDetailsViewModel.swift; sourceTree = "<group>"; };
		6D800BE3267669FC00C7EB08 /* WellnessPillarDetailsWorker.swift */ = {isa = PBXFileReference; lastKnownFileType = sourcecode.swift; path = WellnessPillarDetailsWorker.swift; sourceTree = "<group>"; };
		6D800BE62676707400C7EB08 /* SearchFilterView.swift */ = {isa = PBXFileReference; lastKnownFileType = sourcecode.swift; path = SearchFilterView.swift; sourceTree = "<group>"; };
		6D800BE82676707F00C7EB08 /* SearchFilterView.xib */ = {isa = PBXFileReference; lastKnownFileType = file.xib; path = SearchFilterView.xib; sourceTree = "<group>"; };
		6D800BEB26767DBE00C7EB08 /* PillarFilterViewController.swift */ = {isa = PBXFileReference; lastKnownFileType = sourcecode.swift; path = PillarFilterViewController.swift; sourceTree = "<group>"; };
		6DAA3296265C4E1500D74337 /* Main.storyboard */ = {isa = PBXFileReference; lastKnownFileType = file.storyboard; path = Main.storyboard; sourceTree = "<group>"; };
		6DAA329A265C4F0800D74337 /* Chat.storyboard */ = {isa = PBXFileReference; lastKnownFileType = file.storyboard; path = Chat.storyboard; sourceTree = "<group>"; };
		6DAA329D265C4FFF00D74337 /* InboxViewController.swift */ = {isa = PBXFileReference; lastKnownFileType = sourcecode.swift; path = InboxViewController.swift; sourceTree = "<group>"; };
		6DAA32A1265C50EC00D74337 /* MessageHeaderView.swift */ = {isa = PBXFileReference; lastKnownFileType = sourcecode.swift; path = MessageHeaderView.swift; sourceTree = "<group>"; };
		6DAA32A3265C50F700D74337 /* MessageHeaderView.xib */ = {isa = PBXFileReference; lastKnownFileType = file.xib; path = MessageHeaderView.xib; sourceTree = "<group>"; };
		6DAA32A6265C535200D74337 /* SectionHeaderView.xib */ = {isa = PBXFileReference; lastKnownFileType = file.xib; path = SectionHeaderView.xib; sourceTree = "<group>"; };
		6DAA32A8265C536000D74337 /* SectionHeaderView.swift */ = {isa = PBXFileReference; lastKnownFileType = sourcecode.swift; path = SectionHeaderView.swift; sourceTree = "<group>"; };
		6DAA32AB265C55FF00D74337 /* InboxChatTableViewCell.swift */ = {isa = PBXFileReference; lastKnownFileType = sourcecode.swift; path = InboxChatTableViewCell.swift; sourceTree = "<group>"; };
		6DAA32AC265C55FF00D74337 /* InboxChatTableViewCell.xib */ = {isa = PBXFileReference; lastKnownFileType = file.xib; path = InboxChatTableViewCell.xib; sourceTree = "<group>"; };
		6DAA32AF265DBBF000D74337 /* LoadingUtils.swift */ = {isa = PBXFileReference; lastKnownFileType = sourcecode.swift; path = LoadingUtils.swift; sourceTree = "<group>"; };
		6DAA32B1265DC04200D74337 /* InboxViewModel.swift */ = {isa = PBXFileReference; lastKnownFileType = sourcecode.swift; path = InboxViewModel.swift; sourceTree = "<group>"; };
		6DAA32B3265DCD1F00D74337 /* UserDefaultsUtils.swift */ = {isa = PBXFileReference; lastKnownFileType = sourcecode.swift; path = UserDefaultsUtils.swift; sourceTree = "<group>"; };
		6DAA32B6265F12BD00D74337 /* ConversationViewController.swift */ = {isa = PBXFileReference; lastKnownFileType = sourcecode.swift; path = ConversationViewController.swift; sourceTree = "<group>"; };
		6DB8CB1D26813CB00084DC78 /* MySavedViewController.swift */ = {isa = PBXFileReference; lastKnownFileType = sourcecode.swift; path = MySavedViewController.swift; sourceTree = "<group>"; };
		6DB8CB1F26813E770084DC78 /* MySavedViewModel.swift */ = {isa = PBXFileReference; lastKnownFileType = sourcecode.swift; path = MySavedViewModel.swift; sourceTree = "<group>"; };
		6DB8CB2126813F760084DC78 /* MySavedWorker.swift */ = {isa = PBXFileReference; lastKnownFileType = sourcecode.swift; path = MySavedWorker.swift; sourceTree = "<group>"; };
		6DD0DB9F2655C0C00025AF3C /* EventsListViewController.swift */ = {isa = PBXFileReference; lastKnownFileType = sourcecode.swift; path = EventsListViewController.swift; sourceTree = "<group>"; };
		6DD0DBA22655C6290025AF3C /* UIColor+Extension.swift */ = {isa = PBXFileReference; lastKnownFileType = sourcecode.swift; path = "UIColor+Extension.swift"; sourceTree = "<group>"; };
		6DD0DBA42655CB270025AF3C /* UIImage+Extension.swift */ = {isa = PBXFileReference; lastKnownFileType = sourcecode.swift; path = "UIImage+Extension.swift"; sourceTree = "<group>"; };
		6DD0DBA72655CF280025AF3C /* EventTableViewCell.swift */ = {isa = PBXFileReference; lastKnownFileType = sourcecode.swift; path = EventTableViewCell.swift; sourceTree = "<group>"; };
		6DD0DBA82655CF280025AF3C /* EventTableViewCell.xib */ = {isa = PBXFileReference; lastKnownFileType = file.xib; path = EventTableViewCell.xib; sourceTree = "<group>"; };
		6DD0DBAD2655D1D30025AF3C /* Event.swift */ = {isa = PBXFileReference; lastKnownFileType = sourcecode.swift; path = Event.swift; sourceTree = "<group>"; };
		6DD0DBAF2655D2BA0025AF3C /* EventsListViewModel.swift */ = {isa = PBXFileReference; lastKnownFileType = sourcecode.swift; path = EventsListViewModel.swift; sourceTree = "<group>"; };
		6DD0DBB12655D3B20025AF3C /* Array+Extension.swift */ = {isa = PBXFileReference; lastKnownFileType = sourcecode.swift; path = "Array+Extension.swift"; sourceTree = "<group>"; };
		6DD0DBB326570D570025AF3C /* EventsListWorker.swift */ = {isa = PBXFileReference; lastKnownFileType = sourcecode.swift; path = EventsListWorker.swift; sourceTree = "<group>"; };
		6DD0DBB62657130F0025AF3C /* EventDetailViewController.swift */ = {isa = PBXFileReference; lastKnownFileType = sourcecode.swift; path = EventDetailViewController.swift; sourceTree = "<group>"; };
		6DD0DBB8265716320025AF3C /* Segues.swift */ = {isa = PBXFileReference; lastKnownFileType = sourcecode.swift; path = Segues.swift; sourceTree = "<group>"; };
		6DD0DBBB2657D9900025AF3C /* ExternalLinksUtils.swift */ = {isa = PBXFileReference; lastKnownFileType = sourcecode.swift; path = ExternalLinksUtils.swift; sourceTree = "<group>"; };
		6DD0DBBD265850C20025AF3C /* EventDetailViewModel.swift */ = {isa = PBXFileReference; lastKnownFileType = sourcecode.swift; path = EventDetailViewModel.swift; sourceTree = "<group>"; };
		6DD0DBC0265852B10025AF3C /* EventSummaryView.swift */ = {isa = PBXFileReference; lastKnownFileType = sourcecode.swift; path = EventSummaryView.swift; sourceTree = "<group>"; };
		6DD0DBC2265852BB0025AF3C /* EventSummaryView.xib */ = {isa = PBXFileReference; lastKnownFileType = file.xib; path = EventSummaryView.xib; sourceTree = "<group>"; };
		6DD0DBC426585B9B0025AF3C /* UIView+Extension.swift */ = {isa = PBXFileReference; lastKnownFileType = sourcecode.swift; path = "UIView+Extension.swift"; sourceTree = "<group>"; };
		6DD0DBC7265864F40025AF3C /* EventCollectionViewCell.swift */ = {isa = PBXFileReference; lastKnownFileType = sourcecode.swift; path = EventCollectionViewCell.swift; sourceTree = "<group>"; };
		6DD0DBC8265864F40025AF3C /* EventCollectionViewCell.xib */ = {isa = PBXFileReference; lastKnownFileType = file.xib; path = EventCollectionViewCell.xib; sourceTree = "<group>"; };
		6DD0DBCB265B05950025AF3C /* EventDetailWorker.swift */ = {isa = PBXFileReference; lastKnownFileType = sourcecode.swift; path = EventDetailWorker.swift; sourceTree = "<group>"; };
		6DD0DBCD265B09D90025AF3C /* ShapeLayerUtils.swift */ = {isa = PBXFileReference; lastKnownFileType = sourcecode.swift; path = ShapeLayerUtils.swift; sourceTree = "<group>"; };
		6DF3E72226610A140087E88F /* ConversationViewModel.swift */ = {isa = PBXFileReference; lastKnownFileType = sourcecode.swift; path = ConversationViewModel.swift; sourceTree = "<group>"; };
		6DF3E72426610ADA0087E88F /* ConversationController.swift */ = {isa = PBXFileReference; lastKnownFileType = sourcecode.swift; path = ConversationController.swift; sourceTree = "<group>"; };
		6DF3E728266115A00087E88F /* ChatTextTableViewCell.swift */ = {isa = PBXFileReference; lastKnownFileType = sourcecode.swift; path = ChatTextTableViewCell.swift; sourceTree = "<group>"; };
		6DF3E729266115A00087E88F /* ChatTextTableViewCell.xib */ = {isa = PBXFileReference; lastKnownFileType = file.xib; path = ChatTextTableViewCell.xib; sourceTree = "<group>"; };
		6DF9BA102661B12D00803C7F /* ChatSectionHeaderView.swift */ = {isa = PBXFileReference; lastKnownFileType = sourcecode.swift; path = ChatSectionHeaderView.swift; sourceTree = "<group>"; };
		6DF9BA122661B14500803C7F /* ChatSectionHeaderView.xib */ = {isa = PBXFileReference; lastKnownFileType = file.xib; path = ChatSectionHeaderView.xib; sourceTree = "<group>"; };
		6DF9BA142662658F00803C7F /* NotificationCenter+Extension.swift */ = {isa = PBXFileReference; lastKnownFileType = sourcecode.swift; path = "NotificationCenter+Extension.swift"; sourceTree = "<group>"; };
		6DF9BA1626626F0D00803C7F /* Date+Extension.swift */ = {isa = PBXFileReference; lastKnownFileType = sourcecode.swift; path = "Date+Extension.swift"; sourceTree = "<group>"; };
		6DF9BA1926627A1D00803C7F /* ChatEventTableViewCell.swift */ = {isa = PBXFileReference; lastKnownFileType = sourcecode.swift; path = ChatEventTableViewCell.swift; sourceTree = "<group>"; };
		6DF9BA1A26627A1D00803C7F /* ChatEventTableViewCell.xib */ = {isa = PBXFileReference; lastKnownFileType = file.xib; path = ChatEventTableViewCell.xib; sourceTree = "<group>"; };
		6DF9BA1D26627ED500803C7F /* MessageAttachments.swift */ = {isa = PBXFileReference; lastKnownFileType = sourcecode.swift; path = MessageAttachments.swift; sourceTree = "<group>"; };
		DA454E6BF599AECEEF44070C /* Pods-DateApp.release.xcconfig */ = {isa = PBXFileReference; includeInIndex = 1; lastKnownFileType = text.xcconfig; name = "Pods-DateApp.release.xcconfig"; path = "Target Support Files/Pods-DateApp/Pods-DateApp.release.xcconfig"; sourceTree = "<group>"; };
/* End PBXFileReference section */

/* Begin PBXFrameworksBuildPhase section */
		6D2E442D2655BDD0004B98BC /* Frameworks */ = {
			isa = PBXFrameworksBuildPhase;
			buildActionMask = 2147483647;
			files = (
				2C579B326DD9EFA6E1BD9EF0 /* Pods_DateApp.framework in Frameworks */,
			);
			runOnlyForDeploymentPostprocessing = 0;
		};
/* End PBXFrameworksBuildPhase section */

/* Begin PBXGroup section */
		4CDB24E3EA8C43440095F4B9 /* Frameworks */ = {
			isa = PBXGroup;
			children = (
				2548D9D28802A91362BE1270 /* Pods_DateApp.framework */,
			);
			name = Frameworks;
			sourceTree = "<group>";
		};
		6D2E44272655BDCF004B98BC = {
			isa = PBXGroup;
			children = (
				6D2E44322655BDD0004B98BC /* DateApp */,
				6D2E44312655BDD0004B98BC /* Products */,
				892FB463014B4308F2687D02 /* Pods */,
				4CDB24E3EA8C43440095F4B9 /* Frameworks */,
			);
			sourceTree = "<group>";
		};
		6D2E44312655BDD0004B98BC /* Products */ = {
			isa = PBXGroup;
			children = (
				6D2E44302655BDD0004B98BC /* DateApp.app */,
			);
			name = Products;
			sourceTree = "<group>";
		};
		6D2E44322655BDD0004B98BC /* DateApp */ = {
			isa = PBXGroup;
			children = (
				6D800BC12675628500C7EB08 /* Profile */,
				6D800BAF267407B700C7EB08 /* SendInvite */,
				6D800BA2266ECAF700C7EB08 /* SupportViews */,
				6D800B9C266EC27B00C7EB08 /* Notifications */,
				6DD0DBBA2657D93C0025AF3C /* Utils */,
				6DD0DBA12655C61E0025AF3C /* Extension */,
				6DAA3299265C4EF800D74337 /* Chat */,
				6D2E44472655BE1D004B98BC /* Events */,
				6D2E44332655BDD0004B98BC /* AppDelegate.swift */,
				6D2E44352655BDD0004B98BC /* SceneDelegate.swift */,
				6D2E44372655BDD0004B98BC /* ViewController.swift */,
				6D2E443C2655BDD1004B98BC /* Assets.xcassets */,
				6D2E443E2655BDD1004B98BC /* LaunchScreen.storyboard */,
				6D2E44412655BDD1004B98BC /* Info.plist */,
				6DAA3296265C4E1500D74337 /* Main.storyboard */,
			);
			path = DateApp;
			sourceTree = "<group>";
		};
		6D2E44472655BE1D004B98BC /* Events */ = {
			isa = PBXGroup;
			children = (
				6D800BEA26767DAC00C7EB08 /* PillarFilter */,
				6DD0DBAC2655D1C90025AF3C /* Model */,
				6DD0DBA62655CF000025AF3C /* Support Views */,
				6D2E44482655BE31004B98BC /* Events.storyboard */,
				6DD0DB9E2655C0A70025AF3C /* EventsList */,
				6DD0DBB5265712D90025AF3C /* EventDetail */,
			);
			path = Events;
			sourceTree = "<group>";
		};
		6D800B97266ACBC300C7EB08 /* OptionsMenu */ = {
			isa = PBXGroup;
			children = (
				6D800B98266ACFD000C7EB08 /* OptionsMenuViewController.swift */,
			);
			path = OptionsMenu;
			sourceTree = "<group>";
		};
		6D800B9C266EC27B00C7EB08 /* Notifications */ = {
			isa = PBXGroup;
			children = (
				6D800BA5266ECDEA00C7EB08 /* SupportView */,
				6D800B9D266EC28F00C7EB08 /* Notifications.storyboard */,
				6D800B9F266EC38F00C7EB08 /* NotificationCenter */,
				6D800BAB2672B8D300C7EB08 /* AppNotification.swift */,
			);
			path = Notifications;
			sourceTree = "<group>";
		};
		6D800B9F266EC38F00C7EB08 /* NotificationCenter */ = {
			isa = PBXGroup;
			children = (
				6D800BA0266EC3A300C7EB08 /* NotificationCenterViewController.swift */,
				6D800BA3266ECBCF00C7EB08 /* NotificationCenterViewModel.swift */,
				6D800BAD2672B97400C7EB08 /* NotificationCenterWorker.swift */,
			);
			path = NotificationCenter;
			sourceTree = "<group>";
		};
		6D800BA2266ECAF700C7EB08 /* SupportViews */ = {
			isa = PBXGroup;
			children = (
				6DAA32A5265C532400D74337 /* SectionHeaderView */,
			);
			path = SupportViews;
			sourceTree = "<group>";
		};
		6D800BA5266ECDEA00C7EB08 /* SupportView */ = {
			isa = PBXGroup;
			children = (
				6D800BA6266ECE0400C7EB08 /* NotificationCell */,
			);
			path = SupportView;
			sourceTree = "<group>";
		};
		6D800BA6266ECE0400C7EB08 /* NotificationCell */ = {
			isa = PBXGroup;
			children = (
				6D800BA7266ECE1D00C7EB08 /* NotificationTableViewCell.swift */,
				6D800BA8266ECE1D00C7EB08 /* NotificationTableViewCell.xib */,
			);
			path = NotificationCell;
			sourceTree = "<group>";
		};
		6D800BAF267407B700C7EB08 /* SendInvite */ = {
			isa = PBXGroup;
			children = (
				6D800BB22674096800C7EB08 /* SendInvite */,
				6D800BB0267407C900C7EB08 /* SendInvite.storyboard */,
			);
			path = SendInvite;
			sourceTree = "<group>";
		};
		6D800BB22674096800C7EB08 /* SendInvite */ = {
			isa = PBXGroup;
			children = (
				6D800BB726740E7800C7EB08 /* SupportView */,
				6D800BB32674097A00C7EB08 /* SendInviteViewController.swift */,
				6D800BB526740DE900C7EB08 /* SendInviteViewModel.swift */,
				6D800BBD2674124800C7EB08 /* Profile.swift */,
				6D800BBF2674133500C7EB08 /* SendInviteWorker.swift */,
			);
			path = SendInvite;
			sourceTree = "<group>";
		};
		6D800BB726740E7800C7EB08 /* SupportView */ = {
			isa = PBXGroup;
			children = (
				6D800BB826740EC800C7EB08 /* SendInviteCell */,
			);
			path = SupportView;
			sourceTree = "<group>";
		};
		6D800BB826740EC800C7EB08 /* SendInviteCell */ = {
			isa = PBXGroup;
			children = (
				6D800BB926740EC800C7EB08 /* SendInviteProfileTableViewCell.xib */,
				6D800BBA26740EC800C7EB08 /* SendInviteProfileTableViewCell.swift */,
			);
			path = SendInviteCell;
			sourceTree = "<group>";
		};
		6D800BC12675628500C7EB08 /* Profile */ = {
			isa = PBXGroup;
			children = (
				6DB8CB1C26813CA10084DC78 /* MySaved */,
				6D800BD826764CCB00C7EB08 /* WellnessPillarDetail */,
				6D800BCD2675775800C7EB08 /* WellnessPillars */,
				6D800BCA267572E400C7EB08 /* Profile */,
				6D800BC22675629300C7EB08 /* Profile.storyboard */,
			);
			path = Profile;
			sourceTree = "<group>";
		};
		6D800BC42675660100C7EB08 /* SupportViews */ = {
			isa = PBXGroup;
			children = (
				6D800BC52675660600C7EB08 /* ProfileOptionView */,
			);
			path = SupportViews;
			sourceTree = "<group>";
		};
		6D800BC52675660600C7EB08 /* ProfileOptionView */ = {
			isa = PBXGroup;
			children = (
				6D800BC62675662B00C7EB08 /* ProfileOptionView.swift */,
				6D800BC82675664100C7EB08 /* ProfileOptionView.xib */,
			);
			path = ProfileOptionView;
			sourceTree = "<group>";
		};
		6D800BCA267572E400C7EB08 /* Profile */ = {
			isa = PBXGroup;
			children = (
				6D800BC42675660100C7EB08 /* SupportViews */,
				6D800BCB267572F600C7EB08 /* ProfileViewController.swift */,
			);
			path = Profile;
			sourceTree = "<group>";
		};
		6D800BCD2675775800C7EB08 /* WellnessPillars */ = {
			isa = PBXGroup;
			children = (
				6D800BD02675788200C7EB08 /* SuportView */,
				6D800BCE2675776900C7EB08 /* WellnessPillarsViewController.swift */,
				6D800BD626757B8800C7EB08 /* WellnessPillarsViewModel.swift */,
			);
			path = WellnessPillars;
			sourceTree = "<group>";
		};
		6D800BD02675788200C7EB08 /* SuportView */ = {
			isa = PBXGroup;
			children = (
				6D800BD12675788700C7EB08 /* WellnessPillarCell */,
			);
			path = SuportView;
			sourceTree = "<group>";
		};
		6D800BD12675788700C7EB08 /* WellnessPillarCell */ = {
			isa = PBXGroup;
			children = (
				6D800BD2267578A500C7EB08 /* WellnessPillarTableViewCell.swift */,
				6D800BD3267578A500C7EB08 /* WellnessPillarTableViewCell.xib */,
			);
			path = WellnessPillarCell;
			sourceTree = "<group>";
		};
		6D800BD826764CCB00C7EB08 /* WellnessPillarDetail */ = {
			isa = PBXGroup;
			children = (
				6D800BDB267658D600C7EB08 /* SupportView */,
				6D800BD926764CE900C7EB08 /* WellnessPillarDetailViewController.swift */,
				6D800BE1267669B000C7EB08 /* WellnessPillarDetailsViewModel.swift */,
				6D800BE3267669FC00C7EB08 /* WellnessPillarDetailsWorker.swift */,
			);
			path = WellnessPillarDetail;
			sourceTree = "<group>";
		};
		6D800BDB267658D600C7EB08 /* SupportView */ = {
			isa = PBXGroup;
			children = (
				6D800BDC267658E200C7EB08 /* SocialPillarEventsView */,
			);
			path = SupportView;
			sourceTree = "<group>";
		};
		6D800BDC267658E200C7EB08 /* SocialPillarEventsView */ = {
			isa = PBXGroup;
			children = (
				6D800BDD2676590C00C7EB08 /* SocialPillarEventsView.swift */,
				6D800BDF2676591C00C7EB08 /* SocialPillarEventsView.xib */,
			);
			path = SocialPillarEventsView;
			sourceTree = "<group>";
		};
		6D800BE52676706100C7EB08 /* SearchFilterView */ = {
			isa = PBXGroup;
			children = (
				6D800BE62676707400C7EB08 /* SearchFilterView.swift */,
				6D800BE82676707F00C7EB08 /* SearchFilterView.xib */,
			);
			path = SearchFilterView;
			sourceTree = "<group>";
		};
		6D800BEA26767DAC00C7EB08 /* PillarFilter */ = {
			isa = PBXGroup;
			children = (
				6D800BEB26767DBE00C7EB08 /* PillarFilterViewController.swift */,
			);
			path = PillarFilter;
			sourceTree = "<group>";
		};
		6DAA3299265C4EF800D74337 /* Chat */ = {
			isa = PBXGroup;
			children = (
				6DAA329A265C4F0800D74337 /* Chat.storyboard */,
				6D800B97266ACBC300C7EB08 /* OptionsMenu */,
				6DAA32B5265F12A800D74337 /* Conversation */,
				6DAA329C265C4FE800D74337 /* Inbox */,
			);
			path = Chat;
			sourceTree = "<group>";
		};
		6DAA329C265C4FE800D74337 /* Inbox */ = {
			isa = PBXGroup;
			children = (
				6DAA329F265C505A00D74337 /* Support Views */,
				6DAA329D265C4FFF00D74337 /* InboxViewController.swift */,
				6DAA32B1265DC04200D74337 /* InboxViewModel.swift */,
			);
			path = Inbox;
			sourceTree = "<group>";
		};
		6DAA329F265C505A00D74337 /* Support Views */ = {
			isa = PBXGroup;
			children = (
				6DAA32AA265C55D800D74337 /* InboxChatCell */,
				6DAA32A0265C50CF00D74337 /* MessageHeaderView */,
			);
			path = "Support Views";
			sourceTree = "<group>";
		};
		6DAA32A0265C50CF00D74337 /* MessageHeaderView */ = {
			isa = PBXGroup;
			children = (
				6DAA32A1265C50EC00D74337 /* MessageHeaderView.swift */,
				6DAA32A3265C50F700D74337 /* MessageHeaderView.xib */,
			);
			path = MessageHeaderView;
			sourceTree = "<group>";
		};
		6DAA32A5265C532400D74337 /* SectionHeaderView */ = {
			isa = PBXGroup;
			children = (
				6DAA32A6265C535200D74337 /* SectionHeaderView.xib */,
				6DAA32A8265C536000D74337 /* SectionHeaderView.swift */,
			);
			path = SectionHeaderView;
			sourceTree = "<group>";
		};
		6DAA32AA265C55D800D74337 /* InboxChatCell */ = {
			isa = PBXGroup;
			children = (
				6DAA32AB265C55FF00D74337 /* InboxChatTableViewCell.swift */,
				6DAA32AC265C55FF00D74337 /* InboxChatTableViewCell.xib */,
			);
			path = InboxChatCell;
			sourceTree = "<group>";
		};
		6DAA32B5265F12A800D74337 /* Conversation */ = {
			isa = PBXGroup;
			children = (
				6DF3E726266115850087E88F /* SupportViews */,
				6DAA32B6265F12BD00D74337 /* ConversationViewController.swift */,
				6DF3E72226610A140087E88F /* ConversationViewModel.swift */,
				6DF3E72426610ADA0087E88F /* ConversationController.swift */,
				6DF9BA1D26627ED500803C7F /* MessageAttachments.swift */,
			);
			path = Conversation;
			sourceTree = "<group>";
		};
		6DB8CB1C26813CA10084DC78 /* MySaved */ = {
			isa = PBXGroup;
			children = (
				6DB8CB1D26813CB00084DC78 /* MySavedViewController.swift */,
				6DB8CB1F26813E770084DC78 /* MySavedViewModel.swift */,
				6DB8CB2126813F760084DC78 /* MySavedWorker.swift */,
			);
			path = MySaved;
			sourceTree = "<group>";
		};
		6DD0DB9E2655C0A70025AF3C /* EventsList */ = {
			isa = PBXGroup;
			children = (
				6DD0DB9F2655C0C00025AF3C /* EventsListViewController.swift */,
				6DD0DBAF2655D2BA0025AF3C /* EventsListViewModel.swift */,
				6DD0DBB326570D570025AF3C /* EventsListWorker.swift */,
			);
			path = EventsList;
			sourceTree = "<group>";
		};
		6DD0DBA12655C61E0025AF3C /* Extension */ = {
			isa = PBXGroup;
			children = (
				6DD0DBA22655C6290025AF3C /* UIColor+Extension.swift */,
				6DD0DBA42655CB270025AF3C /* UIImage+Extension.swift */,
				6DD0DBB12655D3B20025AF3C /* Array+Extension.swift */,
				6DD0DBB8265716320025AF3C /* Segues.swift */,
				6DD0DBC426585B9B0025AF3C /* UIView+Extension.swift */,
				6DF9BA142662658F00803C7F /* NotificationCenter+Extension.swift */,
				6DF9BA1626626F0D00803C7F /* Date+Extension.swift */,
				6D800B9A266D766300C7EB08 /* UITableViewCell+Extension.swift */,
			);
			path = Extension;
			sourceTree = "<group>";
		};
		6DD0DBA62655CF000025AF3C /* Support Views */ = {
			isa = PBXGroup;
			children = (
				6D800BE52676706100C7EB08 /* SearchFilterView */,
				6DD0DBC6265864D60025AF3C /* EventCollectionViewCell */,
				6DD0DBBF265852910025AF3C /* EventSummaryView */,
				6DD0DBAB2655CF2E0025AF3C /* EventTableVIewCell */,
			);
			path = "Support Views";
			sourceTree = "<group>";
		};
		6DD0DBAB2655CF2E0025AF3C /* EventTableVIewCell */ = {
			isa = PBXGroup;
			children = (
				6DD0DBA72655CF280025AF3C /* EventTableViewCell.swift */,
				6DD0DBA82655CF280025AF3C /* EventTableViewCell.xib */,
			);
			path = EventTableVIewCell;
			sourceTree = "<group>";
		};
		6DD0DBAC2655D1C90025AF3C /* Model */ = {
			isa = PBXGroup;
			children = (
				6DD0DBAD2655D1D30025AF3C /* Event.swift */,
			);
			path = Model;
			sourceTree = "<group>";
		};
		6DD0DBB5265712D90025AF3C /* EventDetail */ = {
			isa = PBXGroup;
			children = (
				6DD0DBB62657130F0025AF3C /* EventDetailViewController.swift */,
				6DD0DBBD265850C20025AF3C /* EventDetailViewModel.swift */,
				6DD0DBCB265B05950025AF3C /* EventDetailWorker.swift */,
			);
			path = EventDetail;
			sourceTree = "<group>";
		};
		6DD0DBBA2657D93C0025AF3C /* Utils */ = {
			isa = PBXGroup;
			children = (
				6DD0DBCD265B09D90025AF3C /* ShapeLayerUtils.swift */,
				6DD0DBBB2657D9900025AF3C /* ExternalLinksUtils.swift */,
				6D28F38F265B2643006A2FC6 /* ChatClient.swift */,
				6DAA32AF265DBBF000D74337 /* LoadingUtils.swift */,
				6DAA32B3265DCD1F00D74337 /* UserDefaultsUtils.swift */,
			);
			path = Utils;
			sourceTree = "<group>";
		};
		6DD0DBBF265852910025AF3C /* EventSummaryView */ = {
			isa = PBXGroup;
			children = (
				6DD0DBC0265852B10025AF3C /* EventSummaryView.swift */,
				6DD0DBC2265852BB0025AF3C /* EventSummaryView.xib */,
			);
			path = EventSummaryView;
			sourceTree = "<group>";
		};
		6DD0DBC6265864D60025AF3C /* EventCollectionViewCell */ = {
			isa = PBXGroup;
			children = (
				6DD0DBC7265864F40025AF3C /* EventCollectionViewCell.swift */,
				6DD0DBC8265864F40025AF3C /* EventCollectionViewCell.xib */,
			);
			path = EventCollectionViewCell;
			sourceTree = "<group>";
		};
		6DF3E726266115850087E88F /* SupportViews */ = {
			isa = PBXGroup;
			children = (
				6DF9BA18266279F600803C7F /* ChatEventCell */,
				6DF9BA0F2661B11400803C7F /* ChatSectionHeader */,
				6DF3E7272661158B0087E88F /* ChatTextCell */,
			);
			path = SupportViews;
			sourceTree = "<group>";
		};
		6DF3E7272661158B0087E88F /* ChatTextCell */ = {
			isa = PBXGroup;
			children = (
				6DF3E728266115A00087E88F /* ChatTextTableViewCell.swift */,
				6DF3E729266115A00087E88F /* ChatTextTableViewCell.xib */,
			);
			path = ChatTextCell;
			sourceTree = "<group>";
		};
		6DF9BA0F2661B11400803C7F /* ChatSectionHeader */ = {
			isa = PBXGroup;
			children = (
				6DF9BA102661B12D00803C7F /* ChatSectionHeaderView.swift */,
				6DF9BA122661B14500803C7F /* ChatSectionHeaderView.xib */,
			);
			path = ChatSectionHeader;
			sourceTree = "<group>";
		};
		6DF9BA18266279F600803C7F /* ChatEventCell */ = {
			isa = PBXGroup;
			children = (
				6DF9BA1926627A1D00803C7F /* ChatEventTableViewCell.swift */,
				6DF9BA1A26627A1D00803C7F /* ChatEventTableViewCell.xib */,
			);
			path = ChatEventCell;
			sourceTree = "<group>";
		};
		892FB463014B4308F2687D02 /* Pods */ = {
			isa = PBXGroup;
			children = (
				63DE8851AE9298115AF270A9 /* Pods-DateApp.debug.xcconfig */,
				DA454E6BF599AECEEF44070C /* Pods-DateApp.release.xcconfig */,
			);
			path = Pods;
			sourceTree = "<group>";
		};
/* End PBXGroup section */

/* Begin PBXNativeTarget section */
		6D2E442F2655BDD0004B98BC /* DateApp */ = {
			isa = PBXNativeTarget;
			buildConfigurationList = 6D2E44442655BDD1004B98BC /* Build configuration list for PBXNativeTarget "DateApp" */;
			buildPhases = (
				440FBBF9D24F7553A2EA8EEC /* [CP] Check Pods Manifest.lock */,
				6D2E442C2655BDD0004B98BC /* Sources */,
				6D2E442D2655BDD0004B98BC /* Frameworks */,
				6D2E442E2655BDD0004B98BC /* Resources */,
				1E863DBE85575C23D26D15FF /* [CP] Embed Pods Frameworks */,
			);
			buildRules = (
			);
			dependencies = (
			);
			name = DateApp;
			productName = DateApp;
			productReference = 6D2E44302655BDD0004B98BC /* DateApp.app */;
			productType = "com.apple.product-type.application";
		};
/* End PBXNativeTarget section */

/* Begin PBXProject section */
		6D2E44282655BDCF004B98BC /* Project object */ = {
			isa = PBXProject;
			attributes = {
				LastSwiftUpdateCheck = 1250;
				LastUpgradeCheck = 1250;
				TargetAttributes = {
					6D2E442F2655BDD0004B98BC = {
						CreatedOnToolsVersion = 12.5;
					};
				};
			};
			buildConfigurationList = 6D2E442B2655BDCF004B98BC /* Build configuration list for PBXProject "DateApp" */;
			compatibilityVersion = "Xcode 9.3";
			developmentRegion = en;
			hasScannedForEncodings = 0;
			knownRegions = (
				en,
				Base,
			);
			mainGroup = 6D2E44272655BDCF004B98BC;
			productRefGroup = 6D2E44312655BDD0004B98BC /* Products */;
			projectDirPath = "";
			projectRoot = "";
			targets = (
				6D2E442F2655BDD0004B98BC /* DateApp */,
			);
		};
/* End PBXProject section */

/* Begin PBXResourcesBuildPhase section */
		6D2E442E2655BDD0004B98BC /* Resources */ = {
			isa = PBXResourcesBuildPhase;
			buildActionMask = 2147483647;
			files = (
				6DAA32A4265C50F700D74337 /* MessageHeaderView.xib in Resources */,
				6D800BC32675629400C7EB08 /* Profile.storyboard in Resources */,
				6D800BD5267578A500C7EB08 /* WellnessPillarTableViewCell.xib in Resources */,
				6DAA3297265C4E1500D74337 /* Main.storyboard in Resources */,
				6D800BE02676591C00C7EB08 /* SocialPillarEventsView.xib in Resources */,
				6DD0DBAA2655CF280025AF3C /* EventTableViewCell.xib in Resources */,
				6D2E44402655BDD1004B98BC /* LaunchScreen.storyboard in Resources */,
				6DF9BA1C26627A1D00803C7F /* ChatEventTableViewCell.xib in Resources */,
				6D800BE92676707F00C7EB08 /* SearchFilterView.xib in Resources */,
				6DD0DBC3265852BB0025AF3C /* EventSummaryView.xib in Resources */,
				6D800BBB26740EC800C7EB08 /* SendInviteProfileTableViewCell.xib in Resources */,
				6D800B9E266EC28F00C7EB08 /* Notifications.storyboard in Resources */,
				6DAA32AE265C55FF00D74337 /* InboxChatTableViewCell.xib in Resources */,
				6D800BAA266ECE1D00C7EB08 /* NotificationTableViewCell.xib in Resources */,
				6D800BC92675664100C7EB08 /* ProfileOptionView.xib in Resources */,
				6DF3E72B266115A00087E88F /* ChatTextTableViewCell.xib in Resources */,
				6DAA32A7265C535200D74337 /* SectionHeaderView.xib in Resources */,
				6D2E44492655BE31004B98BC /* Events.storyboard in Resources */,
				6D2E443D2655BDD1004B98BC /* Assets.xcassets in Resources */,
				6DAA329B265C4F0800D74337 /* Chat.storyboard in Resources */,
				6D800BB1267407C900C7EB08 /* SendInvite.storyboard in Resources */,
				6DF9BA132661B14500803C7F /* ChatSectionHeaderView.xib in Resources */,
				6DD0DBCA265864F40025AF3C /* EventCollectionViewCell.xib in Resources */,
			);
			runOnlyForDeploymentPostprocessing = 0;
		};
/* End PBXResourcesBuildPhase section */

/* Begin PBXShellScriptBuildPhase section */
		1E863DBE85575C23D26D15FF /* [CP] Embed Pods Frameworks */ = {
			isa = PBXShellScriptBuildPhase;
			buildActionMask = 2147483647;
			files = (
			);
			inputFileListPaths = (
				"${PODS_ROOT}/Target Support Files/Pods-DateApp/Pods-DateApp-frameworks-${CONFIGURATION}-input-files.xcfilelist",
			);
			name = "[CP] Embed Pods Frameworks";
			outputFileListPaths = (
				"${PODS_ROOT}/Target Support Files/Pods-DateApp/Pods-DateApp-frameworks-${CONFIGURATION}-output-files.xcfilelist",
			);
			runOnlyForDeploymentPostprocessing = 0;
			shellPath = /bin/sh;
			shellScript = "\"${PODS_ROOT}/Target Support Files/Pods-DateApp/Pods-DateApp-frameworks.sh\"\n";
			showEnvVarsInLog = 0;
		};
		440FBBF9D24F7553A2EA8EEC /* [CP] Check Pods Manifest.lock */ = {
			isa = PBXShellScriptBuildPhase;
			buildActionMask = 2147483647;
			files = (
			);
			inputFileListPaths = (
			);
			inputPaths = (
				"${PODS_PODFILE_DIR_PATH}/Podfile.lock",
				"${PODS_ROOT}/Manifest.lock",
			);
			name = "[CP] Check Pods Manifest.lock";
			outputFileListPaths = (
			);
			outputPaths = (
				"$(DERIVED_FILE_DIR)/Pods-DateApp-checkManifestLockResult.txt",
			);
			runOnlyForDeploymentPostprocessing = 0;
			shellPath = /bin/sh;
			shellScript = "diff \"${PODS_PODFILE_DIR_PATH}/Podfile.lock\" \"${PODS_ROOT}/Manifest.lock\" > /dev/null\nif [ $? != 0 ] ; then\n    # print error to STDERR\n    echo \"error: The sandbox is not in sync with the Podfile.lock. Run 'pod install' or update your CocoaPods installation.\" >&2\n    exit 1\nfi\n# This output is used by Xcode 'outputs' to avoid re-running this script phase.\necho \"SUCCESS\" > \"${SCRIPT_OUTPUT_FILE_0}\"\n";
			showEnvVarsInLog = 0;
		};
/* End PBXShellScriptBuildPhase section */

/* Begin PBXSourcesBuildPhase section */
		6D2E442C2655BDD0004B98BC /* Sources */ = {
			isa = PBXSourcesBuildPhase;
			buildActionMask = 2147483647;
			files = (
				6D800BA9266ECE1D00C7EB08 /* NotificationTableViewCell.swift in Sources */,
				6D800BB42674097A00C7EB08 /* SendInviteViewController.swift in Sources */,
				6DF9BA1E26627ED500803C7F /* MessageAttachments.swift in Sources */,
				6D800BE72676707400C7EB08 /* SearchFilterView.swift in Sources */,
				6DF9BA1B26627A1D00803C7F /* ChatEventTableViewCell.swift in Sources */,
				6DD0DBBC2657D9900025AF3C /* ExternalLinksUtils.swift in Sources */,
				6DAA329E265C4FFF00D74337 /* InboxViewController.swift in Sources */,
				6DD0DBAE2655D1D30025AF3C /* Event.swift in Sources */,
				6D800BD726757B8800C7EB08 /* WellnessPillarsViewModel.swift in Sources */,
				6DF9BA152662658F00803C7F /* NotificationCenter+Extension.swift in Sources */,
				6DAA32AD265C55FF00D74337 /* InboxChatTableViewCell.swift in Sources */,
				6D800B9B266D766300C7EB08 /* UITableViewCell+Extension.swift in Sources */,
				6D800BA1266EC3A300C7EB08 /* NotificationCenterViewController.swift in Sources */,
				6DB8CB1E26813CB00084DC78 /* MySavedViewController.swift in Sources */,
				6DD0DBB22655D3B20025AF3C /* Array+Extension.swift in Sources */,
				6D800B99266ACFD000C7EB08 /* OptionsMenuViewController.swift in Sources */,
				6D2E44382655BDD0004B98BC /* ViewController.swift in Sources */,
				6DD0DBB9265716320025AF3C /* Segues.swift in Sources */,
				6DAA32B7265F12BD00D74337 /* ConversationViewController.swift in Sources */,
				6DD0DBA02655C0C00025AF3C /* EventsListViewController.swift in Sources */,
				6DF3E72526610ADA0087E88F /* ConversationController.swift in Sources */,
				6D28F390265B2643006A2FC6 /* ChatClient.swift in Sources */,
				6DD0DBB02655D2BA0025AF3C /* EventsListViewModel.swift in Sources */,
				6D800BAE2672B97400C7EB08 /* NotificationCenterWorker.swift in Sources */,
				6D800BE2267669B000C7EB08 /* WellnessPillarDetailsViewModel.swift in Sources */,
				6D800BDA26764CE900C7EB08 /* WellnessPillarDetailViewController.swift in Sources */,
				6DAA32A2265C50EC00D74337 /* MessageHeaderView.swift in Sources */,
				6DD0DBC526585B9B0025AF3C /* UIView+Extension.swift in Sources */,
				6DB8CB2026813E770084DC78 /* MySavedViewModel.swift in Sources */,
				6D800BD4267578A500C7EB08 /* WellnessPillarTableViewCell.swift in Sources */,
				6D800BC72675662B00C7EB08 /* ProfileOptionView.swift in Sources */,
				6D800BCC267572F600C7EB08 /* ProfileViewController.swift in Sources */,
				6D2E44342655BDD0004B98BC /* AppDelegate.swift in Sources */,
				6D800BC02674133500C7EB08 /* SendInviteWorker.swift in Sources */,
				6D800BDE2676590C00C7EB08 /* SocialPillarEventsView.swift in Sources */,
				6DD0DBB72657130F0025AF3C /* EventDetailViewController.swift in Sources */,
				6D800BBE2674124800C7EB08 /* Profile.swift in Sources */,
				6DAA32B4265DCD1F00D74337 /* UserDefaultsUtils.swift in Sources */,
				6D800BEC26767DBE00C7EB08 /* PillarFilterViewController.swift in Sources */,
				6DAA32B0265DBBF000D74337 /* LoadingUtils.swift in Sources */,
				6DB8CB2226813F760084DC78 /* MySavedWorker.swift in Sources */,
				6DD0DBA52655CB270025AF3C /* UIImage+Extension.swift in Sources */,
				6DD0DBCE265B09D90025AF3C /* ShapeLayerUtils.swift in Sources */,
				6D800BAC2672B8D300C7EB08 /* AppNotification.swift in Sources */,
				6DD0DBA92655CF280025AF3C /* EventTableViewCell.swift in Sources */,
				6DD0DBCC265B05950025AF3C /* EventDetailWorker.swift in Sources */,
				6D800BE4267669FC00C7EB08 /* WellnessPillarDetailsWorker.swift in Sources */,
				6D800BBC26740EC800C7EB08 /* SendInviteProfileTableViewCell.swift in Sources */,
				6DAA32A9265C536000D74337 /* SectionHeaderView.swift in Sources */,
				6D2E44362655BDD0004B98BC /* SceneDelegate.swift in Sources */,
				6DF9BA1726626F0D00803C7F /* Date+Extension.swift in Sources */,
				6DF9BA112661B12D00803C7F /* ChatSectionHeaderView.swift in Sources */,
				6D800BCF2675776900C7EB08 /* WellnessPillarsViewController.swift in Sources */,
				6DD0DBC9265864F40025AF3C /* EventCollectionViewCell.swift in Sources */,
				6DD0DBC1265852B10025AF3C /* EventSummaryView.swift in Sources */,
				6DF3E72326610A140087E88F /* ConversationViewModel.swift in Sources */,
				6D800BB626740DE900C7EB08 /* SendInviteViewModel.swift in Sources */,
				6D800BA4266ECBCF00C7EB08 /* NotificationCenterViewModel.swift in Sources */,
				6DD0DBB426570D570025AF3C /* EventsListWorker.swift in Sources */,
				6DAA32B2265DC04200D74337 /* InboxViewModel.swift in Sources */,
				6DD0DBA32655C6290025AF3C /* UIColor+Extension.swift in Sources */,
				6DF3E72A266115A00087E88F /* ChatTextTableViewCell.swift in Sources */,
				6DD0DBBE265850C20025AF3C /* EventDetailViewModel.swift in Sources */,
			);
			runOnlyForDeploymentPostprocessing = 0;
		};
/* End PBXSourcesBuildPhase section */

/* Begin PBXVariantGroup section */
		6D2E443E2655BDD1004B98BC /* LaunchScreen.storyboard */ = {
			isa = PBXVariantGroup;
			children = (
				6D2E443F2655BDD1004B98BC /* Base */,
			);
			name = LaunchScreen.storyboard;
			sourceTree = "<group>";
		};
/* End PBXVariantGroup section */

/* Begin XCBuildConfiguration section */
		6D2E44422655BDD1004B98BC /* Debug */ = {
			isa = XCBuildConfiguration;
			buildSettings = {
				ALWAYS_SEARCH_USER_PATHS = NO;
				CLANG_ANALYZER_NONNULL = YES;
				CLANG_ANALYZER_NUMBER_OBJECT_CONVERSION = YES_AGGRESSIVE;
				CLANG_CXX_LANGUAGE_STANDARD = "gnu++14";
				CLANG_CXX_LIBRARY = "libc++";
				CLANG_ENABLE_MODULES = YES;
				CLANG_ENABLE_OBJC_ARC = YES;
				CLANG_ENABLE_OBJC_WEAK = YES;
				CLANG_WARN_BLOCK_CAPTURE_AUTORELEASING = YES;
				CLANG_WARN_BOOL_CONVERSION = YES;
				CLANG_WARN_COMMA = YES;
				CLANG_WARN_CONSTANT_CONVERSION = YES;
				CLANG_WARN_DEPRECATED_OBJC_IMPLEMENTATIONS = YES;
				CLANG_WARN_DIRECT_OBJC_ISA_USAGE = YES_ERROR;
				CLANG_WARN_DOCUMENTATION_COMMENTS = YES;
				CLANG_WARN_EMPTY_BODY = YES;
				CLANG_WARN_ENUM_CONVERSION = YES;
				CLANG_WARN_INFINITE_RECURSION = YES;
				CLANG_WARN_INT_CONVERSION = YES;
				CLANG_WARN_NON_LITERAL_NULL_CONVERSION = YES;
				CLANG_WARN_OBJC_IMPLICIT_RETAIN_SELF = YES;
				CLANG_WARN_OBJC_LITERAL_CONVERSION = YES;
				CLANG_WARN_OBJC_ROOT_CLASS = YES_ERROR;
				CLANG_WARN_QUOTED_INCLUDE_IN_FRAMEWORK_HEADER = YES;
				CLANG_WARN_RANGE_LOOP_ANALYSIS = YES;
				CLANG_WARN_STRICT_PROTOTYPES = YES;
				CLANG_WARN_SUSPICIOUS_MOVE = YES;
				CLANG_WARN_UNGUARDED_AVAILABILITY = YES_AGGRESSIVE;
				CLANG_WARN_UNREACHABLE_CODE = YES;
				CLANG_WARN__DUPLICATE_METHOD_MATCH = YES;
				COPY_PHASE_STRIP = NO;
				DEBUG_INFORMATION_FORMAT = dwarf;
				ENABLE_STRICT_OBJC_MSGSEND = YES;
				ENABLE_TESTABILITY = YES;
				GCC_C_LANGUAGE_STANDARD = gnu11;
				GCC_DYNAMIC_NO_PIC = NO;
				GCC_NO_COMMON_BLOCKS = YES;
				GCC_OPTIMIZATION_LEVEL = 0;
				GCC_PREPROCESSOR_DEFINITIONS = (
					"DEBUG=1",
					"$(inherited)",
				);
				GCC_WARN_64_TO_32_BIT_CONVERSION = YES;
				GCC_WARN_ABOUT_RETURN_TYPE = YES_ERROR;
				GCC_WARN_UNDECLARED_SELECTOR = YES;
				GCC_WARN_UNINITIALIZED_AUTOS = YES_AGGRESSIVE;
				GCC_WARN_UNUSED_FUNCTION = YES;
				GCC_WARN_UNUSED_VARIABLE = YES;
				IPHONEOS_DEPLOYMENT_TARGET = 14.5;
				MTL_ENABLE_DEBUG_INFO = INCLUDE_SOURCE;
				MTL_FAST_MATH = YES;
				ONLY_ACTIVE_ARCH = YES;
				SDKROOT = iphoneos;
				SWIFT_ACTIVE_COMPILATION_CONDITIONS = DEBUG;
				SWIFT_OPTIMIZATION_LEVEL = "-Onone";
			};
			name = Debug;
		};
		6D2E44432655BDD1004B98BC /* Release */ = {
			isa = XCBuildConfiguration;
			buildSettings = {
				ALWAYS_SEARCH_USER_PATHS = NO;
				CLANG_ANALYZER_NONNULL = YES;
				CLANG_ANALYZER_NUMBER_OBJECT_CONVERSION = YES_AGGRESSIVE;
				CLANG_CXX_LANGUAGE_STANDARD = "gnu++14";
				CLANG_CXX_LIBRARY = "libc++";
				CLANG_ENABLE_MODULES = YES;
				CLANG_ENABLE_OBJC_ARC = YES;
				CLANG_ENABLE_OBJC_WEAK = YES;
				CLANG_WARN_BLOCK_CAPTURE_AUTORELEASING = YES;
				CLANG_WARN_BOOL_CONVERSION = YES;
				CLANG_WARN_COMMA = YES;
				CLANG_WARN_CONSTANT_CONVERSION = YES;
				CLANG_WARN_DEPRECATED_OBJC_IMPLEMENTATIONS = YES;
				CLANG_WARN_DIRECT_OBJC_ISA_USAGE = YES_ERROR;
				CLANG_WARN_DOCUMENTATION_COMMENTS = YES;
				CLANG_WARN_EMPTY_BODY = YES;
				CLANG_WARN_ENUM_CONVERSION = YES;
				CLANG_WARN_INFINITE_RECURSION = YES;
				CLANG_WARN_INT_CONVERSION = YES;
				CLANG_WARN_NON_LITERAL_NULL_CONVERSION = YES;
				CLANG_WARN_OBJC_IMPLICIT_RETAIN_SELF = YES;
				CLANG_WARN_OBJC_LITERAL_CONVERSION = YES;
				CLANG_WARN_OBJC_ROOT_CLASS = YES_ERROR;
				CLANG_WARN_QUOTED_INCLUDE_IN_FRAMEWORK_HEADER = YES;
				CLANG_WARN_RANGE_LOOP_ANALYSIS = YES;
				CLANG_WARN_STRICT_PROTOTYPES = YES;
				CLANG_WARN_SUSPICIOUS_MOVE = YES;
				CLANG_WARN_UNGUARDED_AVAILABILITY = YES_AGGRESSIVE;
				CLANG_WARN_UNREACHABLE_CODE = YES;
				CLANG_WARN__DUPLICATE_METHOD_MATCH = YES;
				COPY_PHASE_STRIP = NO;
				DEBUG_INFORMATION_FORMAT = "dwarf-with-dsym";
				ENABLE_NS_ASSERTIONS = NO;
				ENABLE_STRICT_OBJC_MSGSEND = YES;
				GCC_C_LANGUAGE_STANDARD = gnu11;
				GCC_NO_COMMON_BLOCKS = YES;
				GCC_WARN_64_TO_32_BIT_CONVERSION = YES;
				GCC_WARN_ABOUT_RETURN_TYPE = YES_ERROR;
				GCC_WARN_UNDECLARED_SELECTOR = YES;
				GCC_WARN_UNINITIALIZED_AUTOS = YES_AGGRESSIVE;
				GCC_WARN_UNUSED_FUNCTION = YES;
				GCC_WARN_UNUSED_VARIABLE = YES;
				IPHONEOS_DEPLOYMENT_TARGET = 14.5;
				MTL_ENABLE_DEBUG_INFO = NO;
				MTL_FAST_MATH = YES;
				SDKROOT = iphoneos;
				SWIFT_COMPILATION_MODE = wholemodule;
				SWIFT_OPTIMIZATION_LEVEL = "-O";
				VALIDATE_PRODUCT = YES;
			};
			name = Release;
		};
		6D2E44452655BDD1004B98BC /* Debug */ = {
			isa = XCBuildConfiguration;
			baseConfigurationReference = 63DE8851AE9298115AF270A9 /* Pods-DateApp.debug.xcconfig */;
			buildSettings = {
				ASSETCATALOG_COMPILER_APPICON_NAME = AppIcon;
				ASSETCATALOG_COMPILER_GLOBAL_ACCENT_COLOR_NAME = AccentColor;
				CODE_SIGN_STYLE = Automatic;
				DEVELOPMENT_TEAM = 98552BXM3C;
				INFOPLIST_FILE = DateApp/Info.plist;
				LD_RUNPATH_SEARCH_PATHS = (
					"$(inherited)",
					"@executable_path/Frameworks",
				);
				PRODUCT_BUNDLE_IDENTIFIER = com.raphaelcarletti.DateApp;
				PRODUCT_NAME = "$(TARGET_NAME)";
				SWIFT_VERSION = 5.0;
				TARGETED_DEVICE_FAMILY = "1,2";
			};
			name = Debug;
		};
		6D2E44462655BDD1004B98BC /* Release */ = {
			isa = XCBuildConfiguration;
			baseConfigurationReference = DA454E6BF599AECEEF44070C /* Pods-DateApp.release.xcconfig */;
			buildSettings = {
				ASSETCATALOG_COMPILER_APPICON_NAME = AppIcon;
				ASSETCATALOG_COMPILER_GLOBAL_ACCENT_COLOR_NAME = AccentColor;
				CODE_SIGN_STYLE = Automatic;
				DEVELOPMENT_TEAM = 98552BXM3C;
				INFOPLIST_FILE = DateApp/Info.plist;
				LD_RUNPATH_SEARCH_PATHS = (
					"$(inherited)",
					"@executable_path/Frameworks",
				);
				PRODUCT_BUNDLE_IDENTIFIER = com.raphaelcarletti.DateApp;
				PRODUCT_NAME = "$(TARGET_NAME)";
				SWIFT_VERSION = 5.0;
				TARGETED_DEVICE_FAMILY = "1,2";
			};
			name = Release;
		};
/* End XCBuildConfiguration section */

/* Begin XCConfigurationList section */
		6D2E442B2655BDCF004B98BC /* Build configuration list for PBXProject "DateApp" */ = {
			isa = XCConfigurationList;
			buildConfigurations = (
				6D2E44422655BDD1004B98BC /* Debug */,
				6D2E44432655BDD1004B98BC /* Release */,
			);
			defaultConfigurationIsVisible = 0;
			defaultConfigurationName = Release;
		};
		6D2E44442655BDD1004B98BC /* Build configuration list for PBXNativeTarget "DateApp" */ = {
			isa = XCConfigurationList;
			buildConfigurations = (
				6D2E44452655BDD1004B98BC /* Debug */,
				6D2E44462655BDD1004B98BC /* Release */,
			);
			defaultConfigurationIsVisible = 0;
			defaultConfigurationName = Release;
		};
/* End XCConfigurationList section */
	};
	rootObject = 6D2E44282655BDCF004B98BC /* Project object */;
}
